{
  "originHash" : "c9f8959f72f909de74f080c9caa17f58aef650bafa418b4382deddaf8d58b73b",
  "pins" : [
    {
      "identity" : "bitbytedata",
      "kind" : "remoteSourceControl",
      "location" : "https://github.com/tsolomko/BitByteData",
      "state" : {
        "revision" : "e1a5443be67daf0833cbb5f4fa3a06a265ca3105",
        "version" : "2.1.0"
      }
    },
    {
      "identity" : "grdb.swift",
      "kind" : "remoteSourceControl",
      "location" : "https://github.com/groue/GRDB.swift",
      "state" : {
        "revision" : "2cf6c756e1e5ef6901ebae16576a7e4e4b834622",
        "version" : "6.29.3"
      }
    },
    {
      "identity" : "swcompression",
      "kind" : "remoteSourceControl",
      "location" : "https://github.com/tsolomko/SWCompression",
      "state" : {
        "revision" : "03a68e67991815a267e28174a0a01fbe0cff937b",
        "version" : "4.9.1"
      }
    },
    {
      "identity" : "vlckit-spm",
      "kind" : "remoteSourceControl",
      "location" : "https://github.com/tylerjonesio/vlckit-spm",
      "state" : {
        "revision" : "e932bbd488872fdb74f6654d28c2f291eae03daf",
        "version" : "3.6.0"
      }
    }
  ],
  "version" : 3
}
