{
  "originHash" : "2886d235c83e4bce462366343dfe179e546ef39c3b989a7b1ea86dc427f5e182",
  "pins" : [
    {
      "identity" : "bitbytedata",
      "kind" : "remoteSourceControl",
      "location" : "https://github.com/tsolomko/BitByteData",
      "state" : {
        "revision" : "e1a5443be67daf0833cbb5f4fa3a06a265ca3105",
        "version" : "2.1.0"
      }
    },
    {
      "identity" : "grdb.swift",
      "kind" : "remoteSourceControl",
      "location" : "https://github.com/groue/GRDB.swift",
      "state" : {
        "revision" : "2cf6c756e1e5ef6901ebae16576a7e4e4b834622",
        "version" : "6.29.3"
      }
    },
    {
      "identity" : "swcompression",
      "kind" : "remoteSourceControl",
      "location" : "https://github.com/tsolomko/SWCompression",
      "state" : {
        "revision" : "03a68e67991815a267e28174a0a01fbe0cff937b",
        "version" : "4.9.1"
      }
    },
    {
      "identity" : "vlckit",
      "kind" : "remoteSourceControl",
      "location" : "https://code.videolan.org/videolan/VLCKit.git",
      "state" : {
        "revision" : "6cbc4e7b248aa51ec0906697abb30ecae47194b7",
        "version" : "4.0.0-a24"
      }
    }
  ],
  "version" : 3
}
