// !$*UTF8*$!
{
	archiveVersion = 1;
	classes = {
	};
	objectVersion = 77;
	objects = {

/* Begin PBXBuildFile section */
		001780F869C79CD47194E527 /* PlaybackOverlay.swift in Sources */ = {isa = PBXBuildFile; fileRef = 9FDA78D041840813DC1624B6 /* PlaybackOverlay.swift */; };
		01C4782F7461B5382BAEB201 /* EpgRepositoryTests.swift in Sources */ = {isa = PBXBuildFile; fileRef = 80CDEC3595A9E4BF0A4E7B88 /* EpgRepositoryTests.swift */; };
		02953CE8E6810FEC755C5071 /* EpgRepository.swift in Sources */ = {isa = PBXBuildFile; fileRef = EC46962DA6213D6AE285ACAB /* EpgRepository.swift */; };
		060E18C8255F4AA1F3107C53 /* WizardEpgStepView.swift in Sources */ = {isa = PBXBuildFile; fileRef = 6C9CE1DA66DB1CF9821E07F8 /* WizardEpgStepView.swift */; };
		0A75F51F7F599229F03CD0D9 /* VodClassifier.swift in Sources */ = {isa = PBXBuildFile; fileRef = 55E22503CE8CD1384F47467B /* VodClassifier.swift */; };
		0C2DC3AEBE3854DCECF37046 /* TrackPickerRowsTests.swift in Sources */ = {isa = PBXBuildFile; fileRef = E40456273D25E6E83E2F32FC /* TrackPickerRowsTests.swift */; };
		0C4635D986E8377B2CAD2242 /* M3uParserTests.swift in Sources */ = {isa = PBXBuildFile; fileRef = 3AC312A869B806A4BDF2B25A /* M3uParserTests.swift */; };
		103F93E4BD9C092C639EED0D /* ResizeMode.swift in Sources */ = {isa = PBXBuildFile; fileRef = 5973982C69D0CE8F39A827C5 /* ResizeMode.swift */; };
		10CCD9A096D40B5E0ED04928 /* PlayerEngine.swift in Sources */ = {isa = PBXBuildFile; fileRef = E9DEEC797F8FD8F217AF3A3F /* PlayerEngine.swift */; };
		110D212129AE12BD5AF06644 /* PlaylistEntity.swift in Sources */ = {isa = PBXBuildFile; fileRef = BE32CDF42DC851C835330F01 /* PlaylistEntity.swift */; };
		1498439A74AC234AC8606410 /* SurroundAudio.swift in Sources */ = {isa = PBXBuildFile; fileRef = 83D570B030BFCAEF8933160D /* SurroundAudio.swift */; };
		1A29BBF48A30C0330EE3147E /* AddPlaylistModel.swift in Sources */ = {isa = PBXBuildFile; fileRef = D5E11046F624FCD118944FBE /* AddPlaylistModel.swift */; };
		1AB8F1F6D4FE45DEEDA69CF8 /* AppEnvironment.swift in Sources */ = {isa = PBXBuildFile; fileRef = CF9471C2B646C2FEBEF65BD2 /* AppEnvironment.swift */; };
		1B1DB27D733CF47E31CD33D4 /* StepRegistry.swift in Sources */ = {isa = PBXBuildFile; fileRef = 66CF0343E127E1F17FBEE8E6 /* StepRegistry.swift */; };
		1E9DD8701A4EA1F4C149BC30 /* DebugLaunchTests.swift in Sources */ = {isa = PBXBuildFile; fileRef = 1C9B9A456FE757E51945DDFF /* DebugLaunchTests.swift */; };
		1EE319E6C895BDA1CF4F21E6 /* SWCompression in Frameworks */ = {isa = PBXBuildFile; productRef = A1372D91A16ECE3B5EA3AB16 /* SWCompression */; };
		20790450B4BB88B6CD3C617D /* AppDatabase.swift in Sources */ = {isa = PBXBuildFile; fileRef = 40913EE679CDA6A81F8C9B0E /* AppDatabase.swift */; };
		20B40F44648BCEEE91F032B7 /* EpgDownloader.swift in Sources */ = {isa = PBXBuildFile; fileRef = E22365783B30FDCD895BCC09 /* EpgDownloader.swift */; };
		20E6F7695D49F55EA09F0BCB /* AddPlaylistModelTests.swift in Sources */ = {isa = PBXBuildFile; fileRef = 978E40923C0BD5A67EAD3E8D /* AddPlaylistModelTests.swift */; };
		2311624430C68B2A4E03C32C /* PlaylistStore.swift in Sources */ = {isa = PBXBuildFile; fileRef = 30A1BF4D21ECE4136B80416F /* PlaylistStore.swift */; };
		24A5D5AB358021BA902FF427 /* ChannelEntityTests.swift in Sources */ = {isa = PBXBuildFile; fileRef = 6459607D004B96A0D9D926AC /* ChannelEntityTests.swift */; };
		26597D957B6FB9D14691692A /* AcceptanceTests.generated.swift in Sources */ = {isa = PBXBuildFile; fileRef = 030A43B5DACCF03D16F744EA /* AcceptanceTests.generated.swift */; };
		279D14A464CC3026158F7789 /* PlaybackKey.swift in Sources */ = {isa = PBXBuildFile; fileRef = B14F51AE186FF1796831BCA2 /* PlaybackKey.swift */; };
		2D0CF1B8BB79FE37480115CD /* XmltvTimestamp.swift in Sources */ = {isa = PBXBuildFile; fileRef = 2AC541AF5A8B8B8429031427 /* XmltvTimestamp.swift */; };
		2D612FCFA191FBA5A841701D /* ProgramRecord.swift in Sources */ = {isa = PBXBuildFile; fileRef = FAE7C444E05D9710962B3C0B /* ProgramRecord.swift */; };
		2DB94E5C3639BBE59EA67920 /* XmltvTimestampTests.swift in Sources */ = {isa = PBXBuildFile; fileRef = 11189EA374DEF56C0C3B2067 /* XmltvTimestampTests.swift */; };
		2EF2738677D8D0B434C4706B /* NoTracks.swift in Sources */ = {isa = PBXBuildFile; fileRef = 3BA4B7FD661163037CE53FB6 /* NoTracks.swift */; };
		306683117C97BFF70CD8B3B8 /* PendingZap.swift in Sources */ = {isa = PBXBuildFile; fileRef = 14AC8D5939183EFF23730549 /* PendingZap.swift */; };
		30F50318EAC4991322A638C7 /* PlayerKeymap.swift in Sources */ = {isa = PBXBuildFile; fileRef = 30DF4F44157AD31582B07D53 /* PlayerKeymap.swift */; };
		315A54C316CE4620BF93DD17 /* LivePlaybackModel.swift in Sources */ = {isa = PBXBuildFile; fileRef = 0ED44197B50FE3D28243878E /* LivePlaybackModel.swift */; };
		3343EA232EB0EAB218F1A5FE /* ReconnectPolicyTests.swift in Sources */ = {isa = PBXBuildFile; fileRef = CE85A65977364D5895537F30 /* ReconnectPolicyTests.swift */; };
		34AFA192FF5B6E7AF085C277 /* StepDefinitions.swift in Sources */ = {isa = PBXBuildFile; fileRef = 9C95120BFE019A26B97DF4FC /* StepDefinitions.swift */; };
		351CD8FAA8115430788B47FA /* onboarding.feature in Resources */ = {isa = PBXBuildFile; fileRef = F90A4D44A48A124479BF7170 /* onboarding.feature */; };
		363F19999F8C722FC00C6E1C /* PlaybackKeyPolicyTests.swift in Sources */ = {isa = PBXBuildFile; fileRef = 64443555FC9C27974D518F54 /* PlaybackKeyPolicyTests.swift */; };
		385AAFDE54DBCE3669FCA999 /* WizardTypeStepView.swift in Sources */ = {isa = PBXBuildFile; fileRef = 3790D465B52208F3EBBB91BC /* WizardTypeStepView.swift */; };
		396B2EC0A1C7F4BA660ABDE2 /* ProgramStoreTests.swift in Sources */ = {isa = PBXBuildFile; fileRef = 9C7CD4BC4ED6DBFBCED4271D /* ProgramStoreTests.swift */; };
		39F5AD4531A880CD005EAE52 /* NowNextResolverTests.swift in Sources */ = {isa = PBXBuildFile; fileRef = 8A09C246172AFD578849E1D3 /* NowNextResolverTests.swift */; };
		3C802142F2773180AA976ACF /* PlaybackReducer.swift in Sources */ = {isa = PBXBuildFile; fileRef = 50B3D46CDDA4BCBABD96FB4C /* PlaybackReducer.swift */; };
		3D5F0D9E74DF8D73EB326A5E /* LivePlaybackModel+Tune.swift in Sources */ = {isa = PBXBuildFile; fileRef = 384B9CA24AF15E1089815370 /* LivePlaybackModel+Tune.swift */; };
		3DB1295E43736FFC953773B1 /* M3uParser.swift in Sources */ = {isa = PBXBuildFile; fileRef = E73B7301D50C245AB98680F7 /* M3uParser.swift */; };
		451E456E72C6DE0ABA1D6575 /* GuideEpgStore.swift in Sources */ = {isa = PBXBuildFile; fileRef = CBEB9E975114FB04C5DBF8EF /* GuideEpgStore.swift */; };
		468AEAB4FE7257D65A79038E /* XmltvTypes.swift in Sources */ = {isa = PBXBuildFile; fileRef = 911911F5CB370C8AD142854F /* XmltvTypes.swift */; };
		475F023CD60AFDA53AE465AA /* GRDB in Frameworks */ = {isa = PBXBuildFile; productRef = D529D436158D9F927352C874 /* GRDB */; };
		4A18A1BA9D275A3C04D3CCDD /* PlaybackCommand.swift in Sources */ = {isa = PBXBuildFile; fileRef = F1CC40D09A16B0AFA3330197 /* PlaybackCommand.swift */; };
		4AD876CA4543793471FC4142 /* AcceptanceTests.swift in Sources */ = {isa = PBXBuildFile; fileRef = 8E2DC4D6F058AC249787519D /* AcceptanceTests.swift */; };
		4C3CFD1F21D770BC278E83CB /* ZapKeepFrameTests.swift in Sources */ = {isa = PBXBuildFile; fileRef = 319C27B00D6056E129E91BB3 /* ZapKeepFrameTests.swift */; };
		4F1BF8F530441CE2BA1291A0 /* XmltvEpisodeNum.swift in Sources */ = {isa = PBXBuildFile; fileRef = FEA71F38E7ADF72CEB475D5A /* XmltvEpisodeNum.swift */; };
		54070F54B8C9170E185D46A7 /* ChannelSource.swift in Sources */ = {isa = PBXBuildFile; fileRef = 5483AF43B34E97A74EF02761 /* ChannelSource.swift */; };
		54E66C55F838A6A6050394B6 /* ChannelStoreTests.swift in Sources */ = {isa = PBXBuildFile; fileRef = F06A6C4B7C8423DF4D41E23F /* ChannelStoreTests.swift */; };
		58507C243F59F508B1AAE5B8 /* TrackModels.swift in Sources */ = {isa = PBXBuildFile; fileRef = 6D6ECB418641F5055DC306B1 /* TrackModels.swift */; };
		59C56541C781ABB2D6BD1D1B /* PlaybackReducerTests.swift in Sources */ = {isa = PBXBuildFile; fileRef = B60695790FA29713F6F4EFD9 /* PlaybackReducerTests.swift */; };
		5CEA3890A0FD3BF92F752BC2 /* ChannelImporterTests.swift in Sources */ = {isa = PBXBuildFile; fileRef = CB6C59E528CFF9F4244CC01E /* ChannelImporterTests.swift */; };
		5CF520DDBFDBAF6682FE4D5F /* EpgOffsetsTests.swift in Sources */ = {isa = PBXBuildFile; fileRef = FEFCF4055097168A8529BFC4 /* EpgOffsetsTests.swift */; };
		5E8CF6740BB2D4AAD641C13E /* LivePlaybackScreen.swift in Sources */ = {isa = PBXBuildFile; fileRef = 324A27A909C7DE378295D713 /* LivePlaybackScreen.swift */; };
		5EB66893073CC3F9BD6C1240 /* VLCKitPlayerEngine.swift in Sources */ = {isa = PBXBuildFile; fileRef = 52696F67557E1FAF73AAFBCC /* VLCKitPlayerEngine.swift */; };
		60563B5E6CD11DC45946FF28 /* LivePlaybackModel+Keys.swift in Sources */ = {isa = PBXBuildFile; fileRef = AE2E4442DE30ED21130CC0C4 /* LivePlaybackModel+Keys.swift */; };
		625AF02BB79E7FE3D13F180A /* XmltvParserDelegate.swift in Sources */ = {isa = PBXBuildFile; fileRef = 9C96E3A740AA59FE5E94A9CF /* XmltvParserDelegate.swift */; };
		62A08D697E6A866CE211DC32 /* ChannelEntity.swift in Sources */ = {isa = PBXBuildFile; fileRef = 310AA80E44CF4A8E35058A85 /* ChannelEntity.swift */; };
		6523C916A072F05DD3B4F555 /* PlayerKeymapTests.swift in Sources */ = {isa = PBXBuildFile; fileRef = BBB782F0993A74E3AC3A0815 /* PlayerKeymapTests.swift */; };
		66CFF187D80F0DF9242A8EBF /* GherkinParser.swift in Sources */ = {isa = PBXBuildFile; fileRef = 3F31789076E7F4E06D0340FF /* GherkinParser.swift */; };
		6902EBD568C7BE847F2EC2F3 /* OverlayVisibilityTests.swift in Sources */ = {isa = PBXBuildFile; fileRef = C1ADA1A3FB89C7BF310F5E00 /* OverlayVisibilityTests.swift */; };
		6A2F402410E34CFA2EFF487C /* XmltvElementReader.swift in Sources */ = {isa = PBXBuildFile; fileRef = B64D1227BBE1557C1D3C5311 /* XmltvElementReader.swift */; };
		6ABECB2EEBB6BB49C98E31DD /* CoreSchema.swift in Sources */ = {isa = PBXBuildFile; fileRef = A40C931EC40BCB3E459C45A8 /* CoreSchema.swift */; };
		6BBD28365E8F2C4D73DE4DCD /* PlaylistSummaryTests.swift in Sources */ = {isa = PBXBuildFile; fileRef = BEBD0DCB6D86A13F1794F6FE /* PlaylistSummaryTests.swift */; };
		6DEEB1CFDA6221302199C886 /* WizardProcessedStepView.swift in Sources */ = {isa = PBXBuildFile; fileRef = 992C51D1E60038A37B6CE407 /* WizardProcessedStepView.swift */; };
		6E10D3A0FCB75E54292C438A /* RefreshScheduler.swift in Sources */ = {isa = PBXBuildFile; fileRef = DC8565DC3A8580F8A5606B52 /* RefreshScheduler.swift */; };
		6EA3AA6C1DD3E90B843DD55A /* ProgramRecordTests.swift in Sources */ = {isa = PBXBuildFile; fileRef = 4CA9E1AB74CA81AE88A28339 /* ProgramRecordTests.swift */; };
		7349CC66A93701D5D0B0F98A /* PlaybackBadges.swift in Sources */ = {isa = PBXBuildFile; fileRef = 79A49A7D5F0B7ED807A9C851 /* PlaybackBadges.swift */; };
		789A545F1ABB75F2793A3565 /* ChannelUserState.swift in Sources */ = {isa = PBXBuildFile; fileRef = EA72C528BC282E97C463256B /* ChannelUserState.swift */; };
		7A25751B5AEC40A697291B37 /* GRDB in Frameworks */ = {isa = PBXBuildFile; productRef = 26FF1BEB0FDDB1559EB47C2A /* GRDB */; };
		7A32CD46DD3EE6A758DCA6EC /* PlaybackScreen.swift in Sources */ = {isa = PBXBuildFile; fileRef = 93A9896DB20B35683101EB72 /* PlaybackScreen.swift */; };
		7A69B567FC802B74841531DB /* XmltvParser.swift in Sources */ = {isa = PBXBuildFile; fileRef = 0376B2E232DEAE15C2DCEF69 /* XmltvParser.swift */; };
		7BD953F6C29E91B168AB4E2A /* TrackLabels.swift in Sources */ = {isa = PBXBuildFile; fileRef = 74F9824DE072E26C3727BECA /* TrackLabels.swift */; };
		7CDE7636B43ED305BE1A500A /* TellyApp.swift in Sources */ = {isa = PBXBuildFile; fileRef = EB1976ACB9C3233BD3A7E9AB /* TellyApp.swift */; };
		7D24A2A2D02ED1A2B07E9C06 /* VlcPlaybackState.swift in Sources */ = {isa = PBXBuildFile; fileRef = F93E291DDF653770BE71DECE /* VlcPlaybackState.swift */; };
		7EB3E4C17BB5F9EFB8E21ECF /* PlaylistSummary.swift in Sources */ = {isa = PBXBuildFile; fileRef = 1E33824048D9B8A7E968723D /* PlaylistSummary.swift */; };
		80314401F98FDCA158A1FF7D /* NowNext.swift in Sources */ = {isa = PBXBuildFile; fileRef = AFE592895ECE19026B765DD5 /* NowNext.swift */; };
		83F67D74F36B3EF7A6E6186C /* RefreshSchedulerTests.swift in Sources */ = {isa = PBXBuildFile; fileRef = D0B3EE42F19E2DA4FBF3F3DB /* RefreshSchedulerTests.swift */; };
		841A40CE93CA925A21570D1E /* Assets.xcassets in Resources */ = {isa = PBXBuildFile; fileRef = 4A5A8C96669009B439B3CCAD /* Assets.xcassets */; };
		862D36FCA962E74287D36D82 /* VideoSurfaceView.swift in Sources */ = {isa = PBXBuildFile; fileRef = D084849083573B325F7FEE2F /* VideoSurfaceView.swift */; };
		8A3CE390DAA505A3518D2DA0 /* TrackLabelsTests.swift in Sources */ = {isa = PBXBuildFile; fileRef = F91979A356D42B8B2FF89810 /* TrackLabelsTests.swift */; };
		8DEC43B874210C6971442C08 /* OverlayVisibility.swift in Sources */ = {isa = PBXBuildFile; fileRef = 562D2D52D5C5533F8AB70D94 /* OverlayVisibility.swift */; };
		8F3DAD34F4C29F0C8B59CCB2 /* ProgramRecord+Entity.swift in Sources */ = {isa = PBXBuildFile; fileRef = E5576130AE8AFB06AFBB927F /* ProgramRecord+Entity.swift */; };
		93EEF21D80859196E3C1E961 /* SWCompression in Frameworks */ = {isa = PBXBuildFile; productRef = 6938A520720D3E3EB82CC0D8 /* SWCompression */; };
		969C40C4E7CEB9125AC1CD5C /* PanelTimeoutsTests.swift in Sources */ = {isa = PBXBuildFile; fileRef = 81EB9E77FB158242EA54266A /* PanelTimeoutsTests.swift */; };
		9759FFDB56E38CB24C86BFCA /* ChannelZapper.swift in Sources */ = {isa = PBXBuildFile; fileRef = 148680C9B2DB597FFB1FF7A0 /* ChannelZapper.swift */; };
		9B1F3AF7AD5A8F1F3FFC02C4 /* ChannelZapperTests.swift in Sources */ = {isa = PBXBuildFile; fileRef = 1A9674BB6F6F4077491E2A06 /* ChannelZapperTests.swift */; };
		9D24C30C7A012D84F3A1A7B0 /* ZapOverlayView.swift in Sources */ = {isa = PBXBuildFile; fileRef = 35FF153426F7E4476A1BF21B /* ZapOverlayView.swift */; };
		A106D6CA1F01116CA218A422 /* VlcDelegateProxy.swift in Sources */ = {isa = PBXBuildFile; fileRef = E55C9FCE4B6E63A1AF16ABF8 /* VlcDelegateProxy.swift */; };
		A48E2133741A5EF0983FE138 /* UrlFieldView.swift in Sources */ = {isa = PBXBuildFile; fileRef = 1B41BEA510401C8A0D0BE9FC /* UrlFieldView.swift */; };
		A4FB7E8AC7A794738332B2B8 /* EpgDownloaderTests.swift in Sources */ = {isa = PBXBuildFile; fileRef = 23427A4417240AC10B0B2C7E /* EpgDownloaderTests.swift */; };
		A640D64B37238FCF71658322 /* DebugLaunch.swift in Sources */ = {isa = PBXBuildFile; fileRef = 378960B36436AF8BCF69A520 /* DebugLaunch.swift */; };
		A83D1A0B71757F063E093217 /* SurroundAudioTests.swift in Sources */ = {isa = PBXBuildFile; fileRef = F62A5C11F0C4AC40C0A76784 /* SurroundAudioTests.swift */; };
		A8714A6573A02EE9246F8A77 /* ChannelImporter.swift in Sources */ = {isa = PBXBuildFile; fileRef = 909FB3CA9271132E09114364 /* ChannelImporter.swift */; };
		AF0539C35A9BFAB68CBBD175 /* ResizeModeTests.swift in Sources */ = {isa = PBXBuildFile; fileRef = 22C4CA49516137B28B6B11A3 /* ResizeModeTests.swift */; };
		B2C5AF7A257A7C9F7402C4FA /* ReconnectPolicy.swift in Sources */ = {isa = PBXBuildFile; fileRef = BDAD5CB36B73671A605E222D /* ReconnectPolicy.swift */; };
		B826F580BB07CFE4540034AB /* VlcStateMappingTests.swift in Sources */ = {isa = PBXBuildFile; fileRef = 987AD818A024549B071BDBE1 /* VlcStateMappingTests.swift */; };
		B9CABC6DF3C487006321F321 /* CompressedXmltv.swift in Sources */ = {isa = PBXBuildFile; fileRef = 984EC2E8176F45E1711F5A76 /* CompressedXmltv.swift */; };
		BAF884550AC1C30D2C43688F /* VideoDetails.swift in Sources */ = {isa = PBXBuildFile; fileRef = 47B2B57D88C5F456CF1EEE0C /* VideoDetails.swift */; };
		BCFB11239754F01ED6A753DF /* ZapKeepFrame.swift in Sources */ = {isa = PBXBuildFile; fileRef = 7A9918F82FE3092A6EDB17AF /* ZapKeepFrame.swift */; };
		BF5C71431CD235D6BB848073 /* WelcomeView.swift in Sources */ = {isa = PBXBuildFile; fileRef = 639ED70131FE49348CC589BA /* WelcomeView.swift */; };
		C1126DCF45D74EF39D5799A0 /* ProgramStore.swift in Sources */ = {isa = PBXBuildFile; fileRef = C7D3885DA8806968E5876FF7 /* ProgramStore.swift */; };
		C5B846D2AB5BC86E4AE6469A /* GuideEpgStoreTests.swift in Sources */ = {isa = PBXBuildFile; fileRef = 48A9F5FFF68774C764EFF990 /* GuideEpgStoreTests.swift */; };
		C75EA0E1C2D0EDADD9AD16A7 /* EpgRefresher.swift in Sources */ = {isa = PBXBuildFile; fileRef = 4AA958C21A27348FF819BA98 /* EpgRefresher.swift */; };
		C7AF8C66A791EADF8F5A718C /* PlaybackBadgesTests.swift in Sources */ = {isa = PBXBuildFile; fileRef = 5FAD294DBE29F9D78C957A1A /* PlaybackBadgesTests.swift */; };
		C853572B16CB7A97483A6E6A /* ChannelStore.swift in Sources */ = {isa = PBXBuildFile; fileRef = 3428C72EBEB454AD2CE0B5B6 /* ChannelStore.swift */; };
		CEF05E53D629FE63C080634F /* PlayerStateTests.swift in Sources */ = {isa = PBXBuildFile; fileRef = 6BCEDF66246565A56BBABD8B /* PlayerStateTests.swift */; };
		D185D838DBA0AF34C0175868 /* HttpUrl.swift in Sources */ = {isa = PBXBuildFile; fileRef = 33AA761F0C2AC5B545A070F9 /* HttpUrl.swift */; };
		D1A2A23F3518A4A6AD1B6363 /* PlaybackStateChromeView.swift in Sources */ = {isa = PBXBuildFile; fileRef = D4A2E6331B7FDDF758782CDD /* PlaybackStateChromeView.swift */; };
		D4E28E752CE510D149344DA2 /* TrackPickerKind.swift in Sources */ = {isa = PBXBuildFile; fileRef = 4A3AF6BB726F90FB3667BF32 /* TrackPickerKind.swift */; };
		D53B3BE5A1B2F6604D8DD115 /* ChannelRecord+Entity.swift in Sources */ = {isa = PBXBuildFile; fileRef = 4ECEF82B37AB908441A8656A /* ChannelRecord+Entity.swift */; };
		D53F175E5064331E1E69DB0D /* ChannelRecord.swift in Sources */ = {isa = PBXBuildFile; fileRef = E6955066FC099926C6950564 /* ChannelRecord.swift */; };
		D57F7EEE3473CADE5F8B8233 /* WizardUrlStepView.swift in Sources */ = {isa = PBXBuildFile; fileRef = 9E64A3BF540099347299DA30 /* WizardUrlStepView.swift */; };
		D7BCFDE5CA75D89CC4B2F541 /* PlayerState.swift in Sources */ = {isa = PBXBuildFile; fileRef = 0C7AA888B99B0C554E7A1E93 /* PlayerState.swift */; };
		D831D7C36223E8AA438A33EB /* TvgOffset.swift in Sources */ = {isa = PBXBuildFile; fileRef = 66B617FC4941B43EDF685A7A /* TvgOffset.swift */; };
		D8D0C6B12DE3BB27D7284E57 /* EpgSchema.swift in Sources */ = {isa = PBXBuildFile; fileRef = AA66C1D5E7DA6CEA7B4038A5 /* EpgSchema.swift */; };
		DA1B1BED2B9ADAD4B2BE84FF /* AddPlaylistScreen.swift in Sources */ = {isa = PBXBuildFile; fileRef = 9A5A6C48D3900E38AE616489 /* AddPlaylistScreen.swift */; };
		DAC26A6F75D9F8CA896AF342 /* EpgRefresherTests.swift in Sources */ = {isa = PBXBuildFile; fileRef = 3A722ACF8D5F5A0C9BB05E30 /* EpgRefresherTests.swift */; };
		DCFD07384D5A31E7CDF25EA2 /* ChannelListScreen.swift in Sources */ = {isa = PBXBuildFile; fileRef = 5B3D80BB7E4AA1D3685C35DF /* ChannelListScreen.swift */; };
		DD3A9F5CB04645EBB05E2A3E /* LivePlaybackModelTests.swift in Sources */ = {isa = PBXBuildFile; fileRef = 7AC9AE905C341CD7DAD3582E /* LivePlaybackModelTests.swift */; };
		DF124DD1E7EB5AC3AC11FEF4 /* M3uModels.swift in Sources */ = {isa = PBXBuildFile; fileRef = 4DFA418FED683F1A3C08B547 /* M3uModels.swift */; };
		E120C056EF6F18CBBD55DC0D /* EpgOffsets.swift in Sources */ = {isa = PBXBuildFile; fileRef = C3BE5846F0E695DA3565F177 /* EpgOffsets.swift */; };
		E24F8AAC388C30AFF3707F90 /* WizardState.swift in Sources */ = {isa = PBXBuildFile; fileRef = 6C75E52CDEC9F7474FCCDB38 /* WizardState.swift */; };
		E34F396EEDAF8E6ECC2BB632 /* PanelTimeouts.swift in Sources */ = {isa = PBXBuildFile; fileRef = 2AF81DF98D2526C259FB0CCE /* PanelTimeouts.swift */; };
		E6A78447C7F1F09295010E5F /* PlaybackKeyPolicy.swift in Sources */ = {isa = PBXBuildFile; fileRef = 217DA577D0F88D7385009AA2 /* PlaybackKeyPolicy.swift */; };
		EADF8718D4ED90774A4E5131 /* PendingZapTests.swift in Sources */ = {isa = PBXBuildFile; fileRef = 4612550684E594CA7F3A2F1E /* PendingZapTests.swift */; };
		EC8189125EE13CC509B8B737 /* TrackFacade.swift in Sources */ = {isa = PBXBuildFile; fileRef = 3F7D9E8107872853BF82EE56 /* TrackFacade.swift */; };
		F0DD40297E96DE33816EB2AF /* XmltvParserTests.swift in Sources */ = {isa = PBXBuildFile; fileRef = 7A631A01CB4753E2E28B24F4 /* XmltvParserTests.swift */; };
		F64CD4122F3CDE918FBC24E8 /* FakePlayerEngine.swift in Sources */ = {isa = PBXBuildFile; fileRef = 8957794BBE325137D232EB25 /* FakePlayerEngine.swift */; };
		F68583C2DAE121F4B0CE8D65 /* PlaylistStoreTests.swift in Sources */ = {isa = PBXBuildFile; fileRef = D74EFF331827B16223EC8123 /* PlaylistStoreTests.swift */; };
		FB6FC45374EB5D59A85C1060 /* CompressedXmltvTests.swift in Sources */ = {isa = PBXBuildFile; fileRef = 5BCC66C6AF1F6B3B9B556A04 /* CompressedXmltvTests.swift */; };
		FC1B9378CFDD73025A647ABA /* HttpPlaylistFetcher.swift in Sources */ = {isa = PBXBuildFile; fileRef = E3C2B1009DD10C6EF09FC610 /* HttpPlaylistFetcher.swift */; };
		FC8CE9AF5AE21A881EE82827 /* VLCKitSPM in Frameworks */ = {isa = PBXBuildFile; productRef = B890B0A2D056106897E395D0 /* VLCKitSPM */; };
		FCF5FE1B8E7D162E5E254010 /* TrackPickerRows.swift in Sources */ = {isa = PBXBuildFile; fileRef = 47CED40EFF78E7A5EEBA6064 /* TrackPickerRows.swift */; };
		FD886AE63B3A5190A4E5DF1A /* ContentView.swift in Sources */ = {isa = PBXBuildFile; fileRef = A8B22847E90EAFA3E38A3D74 /* ContentView.swift */; };
/* End PBXBuildFile section */

/* Begin PBXContainerItemProxy section */
		35797233883B7DC306687333 /* PBXContainerItemProxy */ = {
			isa = PBXContainerItemProxy;
			containerPortal = 6BB3D7E225E884704BDADA1B /* Project object */;
			proxyType = 1;
			remoteGlobalIDString = 774E8C4D69E8237D0DE98FCF;
			remoteInfo = Telly;
		};
		D39869008A1731DA1ACAF387 /* PBXContainerItemProxy */ = {
			isa = PBXContainerItemProxy;
			containerPortal = 6BB3D7E225E884704BDADA1B /* Project object */;
			proxyType = 1;
			remoteGlobalIDString = 774E8C4D69E8237D0DE98FCF;
			remoteInfo = Telly;
		};
/* End PBXContainerItemProxy section */

/* Begin PBXFileReference section */
		030A43B5DACCF03D16F744EA /* AcceptanceTests.generated.swift */ = {isa = PBXFileReference; lastKnownFileType = sourcecode.swift; path = AcceptanceTests.generated.swift; sourceTree = "<group>"; };
		0376B2E232DEAE15C2DCEF69 /* XmltvParser.swift */ = {isa = PBXFileReference; lastKnownFileType = sourcecode.swift; path = XmltvParser.swift; sourceTree = "<group>"; };
		081CE4F3F308A626C04A4C68 /* TellyTests.xctest */ = {isa = PBXFileReference; includeInIndex = 0; lastKnownFileType = wrapper.cfbundle; path = TellyTests.xctest; sourceTree = BUILT_PRODUCTS_DIR; };
		0C7AA888B99B0C554E7A1E93 /* PlayerState.swift */ = {isa = PBXFileReference; lastKnownFileType = sourcecode.swift; path = PlayerState.swift; sourceTree = "<group>"; };
		0ED44197B50FE3D28243878E /* LivePlaybackModel.swift */ = {isa = PBXFileReference; lastKnownFileType = sourcecode.swift; path = LivePlaybackModel.swift; sourceTree = "<group>"; };
		11189EA374DEF56C0C3B2067 /* XmltvTimestampTests.swift */ = {isa = PBXFileReference; lastKnownFileType = sourcecode.swift; path = XmltvTimestampTests.swift; sourceTree = "<group>"; };
		148680C9B2DB597FFB1FF7A0 /* ChannelZapper.swift */ = {isa = PBXFileReference; lastKnownFileType = sourcecode.swift; path = ChannelZapper.swift; sourceTree = "<group>"; };
		14AC8D5939183EFF23730549 /* PendingZap.swift */ = {isa = PBXFileReference; lastKnownFileType = sourcecode.swift; path = PendingZap.swift; sourceTree = "<group>"; };
		1A9674BB6F6F4077491E2A06 /* ChannelZapperTests.swift */ = {isa = PBXFileReference; lastKnownFileType = sourcecode.swift; path = ChannelZapperTests.swift; sourceTree = "<group>"; };
		1B41BEA510401C8A0D0BE9FC /* UrlFieldView.swift */ = {isa = PBXFileReference; lastKnownFileType = sourcecode.swift; path = UrlFieldView.swift; sourceTree = "<group>"; };
		1C9B9A456FE757E51945DDFF /* DebugLaunchTests.swift */ = {isa = PBXFileReference; lastKnownFileType = sourcecode.swift; path = DebugLaunchTests.swift; sourceTree = "<group>"; };
		1E33824048D9B8A7E968723D /* PlaylistSummary.swift */ = {isa = PBXFileReference; lastKnownFileType = sourcecode.swift; path = PlaylistSummary.swift; sourceTree = "<group>"; };
		217DA577D0F88D7385009AA2 /* PlaybackKeyPolicy.swift */ = {isa = PBXFileReference; lastKnownFileType = sourcecode.swift; path = PlaybackKeyPolicy.swift; sourceTree = "<group>"; };
		22C4CA49516137B28B6B11A3 /* ResizeModeTests.swift */ = {isa = PBXFileReference; lastKnownFileType = sourcecode.swift; path = ResizeModeTests.swift; sourceTree = "<group>"; };
		23427A4417240AC10B0B2C7E /* EpgDownloaderTests.swift */ = {isa = PBXFileReference; lastKnownFileType = sourcecode.swift; path = EpgDownloaderTests.swift; sourceTree = "<group>"; };
		2AC541AF5A8B8B8429031427 /* XmltvTimestamp.swift */ = {isa = PBXFileReference; lastKnownFileType = sourcecode.swift; path = XmltvTimestamp.swift; sourceTree = "<group>"; };
		2AF81DF98D2526C259FB0CCE /* PanelTimeouts.swift */ = {isa = PBXFileReference; lastKnownFileType = sourcecode.swift; path = PanelTimeouts.swift; sourceTree = "<group>"; };
		2C73DE1BC748EB029A1DAAEE /* Telly.app */ = {isa = PBXFileReference; includeInIndex = 0; lastKnownFileType = wrapper.application; path = Telly.app; sourceTree = BUILT_PRODUCTS_DIR; };
		30A1BF4D21ECE4136B80416F /* PlaylistStore.swift */ = {isa = PBXFileReference; lastKnownFileType = sourcecode.swift; path = PlaylistStore.swift; sourceTree = "<group>"; };
		30DF4F44157AD31582B07D53 /* PlayerKeymap.swift */ = {isa = PBXFileReference; lastKnownFileType = sourcecode.swift; path = PlayerKeymap.swift; sourceTree = "<group>"; };
		310AA80E44CF4A8E35058A85 /* ChannelEntity.swift */ = {isa = PBXFileReference; lastKnownFileType = sourcecode.swift; path = ChannelEntity.swift; sourceTree = "<group>"; };
		319C27B00D6056E129E91BB3 /* ZapKeepFrameTests.swift */ = {isa = PBXFileReference; lastKnownFileType = sourcecode.swift; path = ZapKeepFrameTests.swift; sourceTree = "<group>"; };
		324A27A909C7DE378295D713 /* LivePlaybackScreen.swift */ = {isa = PBXFileReference; lastKnownFileType = sourcecode.swift; path = LivePlaybackScreen.swift; sourceTree = "<group>"; };
		33AA761F0C2AC5B545A070F9 /* HttpUrl.swift */ = {isa = PBXFileReference; lastKnownFileType = sourcecode.swift; path = HttpUrl.swift; sourceTree = "<group>"; };
		3428C72EBEB454AD2CE0B5B6 /* ChannelStore.swift */ = {isa = PBXFileReference; lastKnownFileType = sourcecode.swift; path = ChannelStore.swift; sourceTree = "<group>"; };
		35FF153426F7E4476A1BF21B /* ZapOverlayView.swift */ = {isa = PBXFileReference; lastKnownFileType = sourcecode.swift; path = ZapOverlayView.swift; sourceTree = "<group>"; };
		378960B36436AF8BCF69A520 /* DebugLaunch.swift */ = {isa = PBXFileReference; lastKnownFileType = sourcecode.swift; path = DebugLaunch.swift; sourceTree = "<group>"; };
		3790D465B52208F3EBBB91BC /* WizardTypeStepView.swift */ = {isa = PBXFileReference; lastKnownFileType = sourcecode.swift; path = WizardTypeStepView.swift; sourceTree = "<group>"; };
		384B9CA24AF15E1089815370 /* LivePlaybackModel+Tune.swift */ = {isa = PBXFileReference; lastKnownFileType = sourcecode.swift; path = "LivePlaybackModel+Tune.swift"; sourceTree = "<group>"; };
		3A722ACF8D5F5A0C9BB05E30 /* EpgRefresherTests.swift */ = {isa = PBXFileReference; lastKnownFileType = sourcecode.swift; path = EpgRefresherTests.swift; sourceTree = "<group>"; };
		3AC312A869B806A4BDF2B25A /* M3uParserTests.swift */ = {isa = PBXFileReference; lastKnownFileType = sourcecode.swift; path = M3uParserTests.swift; sourceTree = "<group>"; };
		3BA4B7FD661163037CE53FB6 /* NoTracks.swift */ = {isa = PBXFileReference; lastKnownFileType = sourcecode.swift; path = NoTracks.swift; sourceTree = "<group>"; };
		3C355744E958CD9D4670C063 /* TellyUITests.xctest */ = {isa = PBXFileReference; includeInIndex = 0; lastKnownFileType = wrapper.cfbundle; path = TellyUITests.xctest; sourceTree = BUILT_PRODUCTS_DIR; };
		3F31789076E7F4E06D0340FF /* GherkinParser.swift */ = {isa = PBXFileReference; lastKnownFileType = sourcecode.swift; path = GherkinParser.swift; sourceTree = "<group>"; };
		3F7D9E8107872853BF82EE56 /* TrackFacade.swift */ = {isa = PBXFileReference; lastKnownFileType = sourcecode.swift; path = TrackFacade.swift; sourceTree = "<group>"; };
		40913EE679CDA6A81F8C9B0E /* AppDatabase.swift */ = {isa = PBXFileReference; lastKnownFileType = sourcecode.swift; path = AppDatabase.swift; sourceTree = "<group>"; };
		4612550684E594CA7F3A2F1E /* PendingZapTests.swift */ = {isa = PBXFileReference; lastKnownFileType = sourcecode.swift; path = PendingZapTests.swift; sourceTree = "<group>"; };
		47B2B57D88C5F456CF1EEE0C /* VideoDetails.swift */ = {isa = PBXFileReference; lastKnownFileType = sourcecode.swift; path = VideoDetails.swift; sourceTree = "<group>"; };
		47CED40EFF78E7A5EEBA6064 /* TrackPickerRows.swift */ = {isa = PBXFileReference; lastKnownFileType = sourcecode.swift; path = TrackPickerRows.swift; sourceTree = "<group>"; };
		48A9F5FFF68774C764EFF990 /* GuideEpgStoreTests.swift */ = {isa = PBXFileReference; lastKnownFileType = sourcecode.swift; path = GuideEpgStoreTests.swift; sourceTree = "<group>"; };
		4A3AF6BB726F90FB3667BF32 /* TrackPickerKind.swift */ = {isa = PBXFileReference; lastKnownFileType = sourcecode.swift; path = TrackPickerKind.swift; sourceTree = "<group>"; };
		4A5A8C96669009B439B3CCAD /* Assets.xcassets */ = {isa = PBXFileReference; lastKnownFileType = folder.assetcatalog; path = Assets.xcassets; sourceTree = "<group>"; };
		4AA958C21A27348FF819BA98 /* EpgRefresher.swift */ = {isa = PBXFileReference; lastKnownFileType = sourcecode.swift; path = EpgRefresher.swift; sourceTree = "<group>"; };
		4CA9E1AB74CA81AE88A28339 /* ProgramRecordTests.swift */ = {isa = PBXFileReference; lastKnownFileType = sourcecode.swift; path = ProgramRecordTests.swift; sourceTree = "<group>"; };
		4DFA418FED683F1A3C08B547 /* M3uModels.swift */ = {isa = PBXFileReference; lastKnownFileType = sourcecode.swift; path = M3uModels.swift; sourceTree = "<group>"; };
		4ECEF82B37AB908441A8656A /* ChannelRecord+Entity.swift */ = {isa = PBXFileReference; lastKnownFileType = sourcecode.swift; path = "ChannelRecord+Entity.swift"; sourceTree = "<group>"; };
		50B3D46CDDA4BCBABD96FB4C /* PlaybackReducer.swift */ = {isa = PBXFileReference; lastKnownFileType = sourcecode.swift; path = PlaybackReducer.swift; sourceTree = "<group>"; };
		52696F67557E1FAF73AAFBCC /* VLCKitPlayerEngine.swift */ = {isa = PBXFileReference; lastKnownFileType = sourcecode.swift; path = VLCKitPlayerEngine.swift; sourceTree = "<group>"; };
		5483AF43B34E97A74EF02761 /* ChannelSource.swift */ = {isa = PBXFileReference; lastKnownFileType = sourcecode.swift; path = ChannelSource.swift; sourceTree = "<group>"; };
		55E22503CE8CD1384F47467B /* VodClassifier.swift */ = {isa = PBXFileReference; lastKnownFileType = sourcecode.swift; path = VodClassifier.swift; sourceTree = "<group>"; };
		562D2D52D5C5533F8AB70D94 /* OverlayVisibility.swift */ = {isa = PBXFileReference; lastKnownFileType = sourcecode.swift; path = OverlayVisibility.swift; sourceTree = "<group>"; };
		5973982C69D0CE8F39A827C5 /* ResizeMode.swift */ = {isa = PBXFileReference; lastKnownFileType = sourcecode.swift; path = ResizeMode.swift; sourceTree = "<group>"; };
		5B3D80BB7E4AA1D3685C35DF /* ChannelListScreen.swift */ = {isa = PBXFileReference; lastKnownFileType = sourcecode.swift; path = ChannelListScreen.swift; sourceTree = "<group>"; };
		5BCC66C6AF1F6B3B9B556A04 /* CompressedXmltvTests.swift */ = {isa = PBXFileReference; lastKnownFileType = sourcecode.swift; path = CompressedXmltvTests.swift; sourceTree = "<group>"; };
		5FAD294DBE29F9D78C957A1A /* PlaybackBadgesTests.swift */ = {isa = PBXFileReference; lastKnownFileType = sourcecode.swift; path = PlaybackBadgesTests.swift; sourceTree = "<group>"; };
		639ED70131FE49348CC589BA /* WelcomeView.swift */ = {isa = PBXFileReference; lastKnownFileType = sourcecode.swift; path = WelcomeView.swift; sourceTree = "<group>"; };
		64443555FC9C27974D518F54 /* PlaybackKeyPolicyTests.swift */ = {isa = PBXFileReference; lastKnownFileType = sourcecode.swift; path = PlaybackKeyPolicyTests.swift; sourceTree = "<group>"; };
		6459607D004B96A0D9D926AC /* ChannelEntityTests.swift */ = {isa = PBXFileReference; lastKnownFileType = sourcecode.swift; path = ChannelEntityTests.swift; sourceTree = "<group>"; };
		66B617FC4941B43EDF685A7A /* TvgOffset.swift */ = {isa = PBXFileReference; lastKnownFileType = sourcecode.swift; path = TvgOffset.swift; sourceTree = "<group>"; };
		66CF0343E127E1F17FBEE8E6 /* StepRegistry.swift */ = {isa = PBXFileReference; lastKnownFileType = sourcecode.swift; path = StepRegistry.swift; sourceTree = "<group>"; };
		6BCEDF66246565A56BBABD8B /* PlayerStateTests.swift */ = {isa = PBXFileReference; lastKnownFileType = sourcecode.swift; path = PlayerStateTests.swift; sourceTree = "<group>"; };
		6C75E52CDEC9F7474FCCDB38 /* WizardState.swift */ = {isa = PBXFileReference; lastKnownFileType = sourcecode.swift; path = WizardState.swift; sourceTree = "<group>"; };
		6C9CE1DA66DB1CF9821E07F8 /* WizardEpgStepView.swift */ = {isa = PBXFileReference; lastKnownFileType = sourcecode.swift; path = WizardEpgStepView.swift; sourceTree = "<group>"; };
		6D6ECB418641F5055DC306B1 /* TrackModels.swift */ = {isa = PBXFileReference; lastKnownFileType = sourcecode.swift; path = TrackModels.swift; sourceTree = "<group>"; };
		74F9824DE072E26C3727BECA /* TrackLabels.swift */ = {isa = PBXFileReference; lastKnownFileType = sourcecode.swift; path = TrackLabels.swift; sourceTree = "<group>"; };
		79A49A7D5F0B7ED807A9C851 /* PlaybackBadges.swift */ = {isa = PBXFileReference; lastKnownFileType = sourcecode.swift; path = PlaybackBadges.swift; sourceTree = "<group>"; };
		7A631A01CB4753E2E28B24F4 /* XmltvParserTests.swift */ = {isa = PBXFileReference; lastKnownFileType = sourcecode.swift; path = XmltvParserTests.swift; sourceTree = "<group>"; };
		7A9918F82FE3092A6EDB17AF /* ZapKeepFrame.swift */ = {isa = PBXFileReference; lastKnownFileType = sourcecode.swift; path = ZapKeepFrame.swift; sourceTree = "<group>"; };
		7AC9AE905C341CD7DAD3582E /* LivePlaybackModelTests.swift */ = {isa = PBXFileReference; lastKnownFileType = sourcecode.swift; path = LivePlaybackModelTests.swift; sourceTree = "<group>"; };
		80CDEC3595A9E4BF0A4E7B88 /* EpgRepositoryTests.swift */ = {isa = PBXFileReference; lastKnownFileType = sourcecode.swift; path = EpgRepositoryTests.swift; sourceTree = "<group>"; };
		81EB9E77FB158242EA54266A /* PanelTimeoutsTests.swift */ = {isa = PBXFileReference; lastKnownFileType = sourcecode.swift; path = PanelTimeoutsTests.swift; sourceTree = "<group>"; };
		83D570B030BFCAEF8933160D /* SurroundAudio.swift */ = {isa = PBXFileReference; lastKnownFileType = sourcecode.swift; path = SurroundAudio.swift; sourceTree = "<group>"; };
		8957794BBE325137D232EB25 /* FakePlayerEngine.swift */ = {isa = PBXFileReference; lastKnownFileType = sourcecode.swift; path = FakePlayerEngine.swift; sourceTree = "<group>"; };
		8A09C246172AFD578849E1D3 /* NowNextResolverTests.swift */ = {isa = PBXFileReference; lastKnownFileType = sourcecode.swift; path = NowNextResolverTests.swift; sourceTree = "<group>"; };
		8E2DC4D6F058AC249787519D /* AcceptanceTests.swift */ = {isa = PBXFileReference; lastKnownFileType = sourcecode.swift; path = AcceptanceTests.swift; sourceTree = "<group>"; };
		909FB3CA9271132E09114364 /* ChannelImporter.swift */ = {isa = PBXFileReference; lastKnownFileType = sourcecode.swift; path = ChannelImporter.swift; sourceTree = "<group>"; };
		911911F5CB370C8AD142854F /* XmltvTypes.swift */ = {isa = PBXFileReference; lastKnownFileType = sourcecode.swift; path = XmltvTypes.swift; sourceTree = "<group>"; };
		93A9896DB20B35683101EB72 /* PlaybackScreen.swift */ = {isa = PBXFileReference; lastKnownFileType = sourcecode.swift; path = PlaybackScreen.swift; sourceTree = "<group>"; };
		978E40923C0BD5A67EAD3E8D /* AddPlaylistModelTests.swift */ = {isa = PBXFileReference; lastKnownFileType = sourcecode.swift; path = AddPlaylistModelTests.swift; sourceTree = "<group>"; };
		984EC2E8176F45E1711F5A76 /* CompressedXmltv.swift */ = {isa = PBXFileReference; lastKnownFileType = sourcecode.swift; path = CompressedXmltv.swift; sourceTree = "<group>"; };
		987AD818A024549B071BDBE1 /* VlcStateMappingTests.swift */ = {isa = PBXFileReference; lastKnownFileType = sourcecode.swift; path = VlcStateMappingTests.swift; sourceTree = "<group>"; };
		992C51D1E60038A37B6CE407 /* WizardProcessedStepView.swift */ = {isa = PBXFileReference; lastKnownFileType = sourcecode.swift; path = WizardProcessedStepView.swift; sourceTree = "<group>"; };
		9A5A6C48D3900E38AE616489 /* AddPlaylistScreen.swift */ = {isa = PBXFileReference; lastKnownFileType = sourcecode.swift; path = AddPlaylistScreen.swift; sourceTree = "<group>"; };
		9C7CD4BC4ED6DBFBCED4271D /* ProgramStoreTests.swift */ = {isa = PBXFileReference; lastKnownFileType = sourcecode.swift; path = ProgramStoreTests.swift; sourceTree = "<group>"; };
		9C95120BFE019A26B97DF4FC /* StepDefinitions.swift */ = {isa = PBXFileReference; lastKnownFileType = sourcecode.swift; path = StepDefinitions.swift; sourceTree = "<group>"; };
		9C96E3A740AA59FE5E94A9CF /* XmltvParserDelegate.swift */ = {isa = PBXFileReference; lastKnownFileType = sourcecode.swift; path = XmltvParserDelegate.swift; sourceTree = "<group>"; };
		9E64A3BF540099347299DA30 /* WizardUrlStepView.swift */ = {isa = PBXFileReference; lastKnownFileType = sourcecode.swift; path = WizardUrlStepView.swift; sourceTree = "<group>"; };
		9FDA78D041840813DC1624B6 /* PlaybackOverlay.swift */ = {isa = PBXFileReference; lastKnownFileType = sourcecode.swift; path = PlaybackOverlay.swift; sourceTree = "<group>"; };
		A40C931EC40BCB3E459C45A8 /* CoreSchema.swift */ = {isa = PBXFileReference; lastKnownFileType = sourcecode.swift; path = CoreSchema.swift; sourceTree = "<group>"; };
		A8B22847E90EAFA3E38A3D74 /* ContentView.swift */ = {isa = PBXFileReference; lastKnownFileType = sourcecode.swift; path = ContentView.swift; sourceTree = "<group>"; };
		AA66C1D5E7DA6CEA7B4038A5 /* EpgSchema.swift */ = {isa = PBXFileReference; lastKnownFileType = sourcecode.swift; path = EpgSchema.swift; sourceTree = "<group>"; };
		AE2E4442DE30ED21130CC0C4 /* LivePlaybackModel+Keys.swift */ = {isa = PBXFileReference; lastKnownFileType = sourcecode.swift; path = "LivePlaybackModel+Keys.swift"; sourceTree = "<group>"; };
		AFE592895ECE19026B765DD5 /* NowNext.swift */ = {isa = PBXFileReference; lastKnownFileType = sourcecode.swift; path = NowNext.swift; sourceTree = "<group>"; };
		B14F51AE186FF1796831BCA2 /* PlaybackKey.swift */ = {isa = PBXFileReference; lastKnownFileType = sourcecode.swift; path = PlaybackKey.swift; sourceTree = "<group>"; };
		B60695790FA29713F6F4EFD9 /* PlaybackReducerTests.swift */ = {isa = PBXFileReference; lastKnownFileType = sourcecode.swift; path = PlaybackReducerTests.swift; sourceTree = "<group>"; };
		B64D1227BBE1557C1D3C5311 /* XmltvElementReader.swift */ = {isa = PBXFileReference; lastKnownFileType = sourcecode.swift; path = XmltvElementReader.swift; sourceTree = "<group>"; };
		BBB782F0993A74E3AC3A0815 /* PlayerKeymapTests.swift */ = {isa = PBXFileReference; lastKnownFileType = sourcecode.swift; path = PlayerKeymapTests.swift; sourceTree = "<group>"; };
		BDAD5CB36B73671A605E222D /* ReconnectPolicy.swift */ = {isa = PBXFileReference; lastKnownFileType = sourcecode.swift; path = ReconnectPolicy.swift; sourceTree = "<group>"; };
		BE32CDF42DC851C835330F01 /* PlaylistEntity.swift */ = {isa = PBXFileReference; lastKnownFileType = sourcecode.swift; path = PlaylistEntity.swift; sourceTree = "<group>"; };
		BEBD0DCB6D86A13F1794F6FE /* PlaylistSummaryTests.swift */ = {isa = PBXFileReference; lastKnownFileType = sourcecode.swift; path = PlaylistSummaryTests.swift; sourceTree = "<group>"; };
		C1ADA1A3FB89C7BF310F5E00 /* OverlayVisibilityTests.swift */ = {isa = PBXFileReference; lastKnownFileType = sourcecode.swift; path = OverlayVisibilityTests.swift; sourceTree = "<group>"; };
		C3BE5846F0E695DA3565F177 /* EpgOffsets.swift */ = {isa = PBXFileReference; lastKnownFileType = sourcecode.swift; path = EpgOffsets.swift; sourceTree = "<group>"; };
		C7D3885DA8806968E5876FF7 /* ProgramStore.swift */ = {isa = PBXFileReference; lastKnownFileType = sourcecode.swift; path = ProgramStore.swift; sourceTree = "<group>"; };
		CB6C59E528CFF9F4244CC01E /* ChannelImporterTests.swift */ = {isa = PBXFileReference; lastKnownFileType = sourcecode.swift; path = ChannelImporterTests.swift; sourceTree = "<group>"; };
		CBEB9E975114FB04C5DBF8EF /* GuideEpgStore.swift */ = {isa = PBXFileReference; lastKnownFileType = sourcecode.swift; path = GuideEpgStore.swift; sourceTree = "<group>"; };
		CE85A65977364D5895537F30 /* ReconnectPolicyTests.swift */ = {isa = PBXFileReference; lastKnownFileType = sourcecode.swift; path = ReconnectPolicyTests.swift; sourceTree = "<group>"; };
		CF9471C2B646C2FEBEF65BD2 /* AppEnvironment.swift */ = {isa = PBXFileReference; lastKnownFileType = sourcecode.swift; path = AppEnvironment.swift; sourceTree = "<group>"; };
		D084849083573B325F7FEE2F /* VideoSurfaceView.swift */ = {isa = PBXFileReference; lastKnownFileType = sourcecode.swift; path = VideoSurfaceView.swift; sourceTree = "<group>"; };
		D0B3EE42F19E2DA4FBF3F3DB /* RefreshSchedulerTests.swift */ = {isa = PBXFileReference; lastKnownFileType = sourcecode.swift; path = RefreshSchedulerTests.swift; sourceTree = "<group>"; };
		D4A2E6331B7FDDF758782CDD /* PlaybackStateChromeView.swift */ = {isa = PBXFileReference; lastKnownFileType = sourcecode.swift; path = PlaybackStateChromeView.swift; sourceTree = "<group>"; };
		D5E11046F624FCD118944FBE /* AddPlaylistModel.swift */ = {isa = PBXFileReference; lastKnownFileType = sourcecode.swift; path = AddPlaylistModel.swift; sourceTree = "<group>"; };
		D74EFF331827B16223EC8123 /* PlaylistStoreTests.swift */ = {isa = PBXFileReference; lastKnownFileType = sourcecode.swift; path = PlaylistStoreTests.swift; sourceTree = "<group>"; };
		DC8565DC3A8580F8A5606B52 /* RefreshScheduler.swift */ = {isa = PBXFileReference; lastKnownFileType = sourcecode.swift; path = RefreshScheduler.swift; sourceTree = "<group>"; };
		E22365783B30FDCD895BCC09 /* EpgDownloader.swift */ = {isa = PBXFileReference; lastKnownFileType = sourcecode.swift; path = EpgDownloader.swift; sourceTree = "<group>"; };
		E3C2B1009DD10C6EF09FC610 /* HttpPlaylistFetcher.swift */ = {isa = PBXFileReference; lastKnownFileType = sourcecode.swift; path = HttpPlaylistFetcher.swift; sourceTree = "<group>"; };
		E40456273D25E6E83E2F32FC /* TrackPickerRowsTests.swift */ = {isa = PBXFileReference; lastKnownFileType = sourcecode.swift; path = TrackPickerRowsTests.swift; sourceTree = "<group>"; };
		E5576130AE8AFB06AFBB927F /* ProgramRecord+Entity.swift */ = {isa = PBXFileReference; lastKnownFileType = sourcecode.swift; path = "ProgramRecord+Entity.swift"; sourceTree = "<group>"; };
		E55C9FCE4B6E63A1AF16ABF8 /* VlcDelegateProxy.swift */ = {isa = PBXFileReference; lastKnownFileType = sourcecode.swift; path = VlcDelegateProxy.swift; sourceTree = "<group>"; };
		E6955066FC099926C6950564 /* ChannelRecord.swift */ = {isa = PBXFileReference; lastKnownFileType = sourcecode.swift; path = ChannelRecord.swift; sourceTree = "<group>"; };
		E73B7301D50C245AB98680F7 /* M3uParser.swift */ = {isa = PBXFileReference; lastKnownFileType = sourcecode.swift; path = M3uParser.swift; sourceTree = "<group>"; };
		E9DEEC797F8FD8F217AF3A3F /* PlayerEngine.swift */ = {isa = PBXFileReference; lastKnownFileType = sourcecode.swift; path = PlayerEngine.swift; sourceTree = "<group>"; };
		EA72C528BC282E97C463256B /* ChannelUserState.swift */ = {isa = PBXFileReference; lastKnownFileType = sourcecode.swift; path = ChannelUserState.swift; sourceTree = "<group>"; };
		EB1976ACB9C3233BD3A7E9AB /* TellyApp.swift */ = {isa = PBXFileReference; lastKnownFileType = sourcecode.swift; path = TellyApp.swift; sourceTree = "<group>"; };
		EC46962DA6213D6AE285ACAB /* EpgRepository.swift */ = {isa = PBXFileReference; lastKnownFileType = sourcecode.swift; path = EpgRepository.swift; sourceTree = "<group>"; };
		F06A6C4B7C8423DF4D41E23F /* ChannelStoreTests.swift */ = {isa = PBXFileReference; lastKnownFileType = sourcecode.swift; path = ChannelStoreTests.swift; sourceTree = "<group>"; };
		F1CC40D09A16B0AFA3330197 /* PlaybackCommand.swift */ = {isa = PBXFileReference; lastKnownFileType = sourcecode.swift; path = PlaybackCommand.swift; sourceTree = "<group>"; };
		F62A5C11F0C4AC40C0A76784 /* SurroundAudioTests.swift */ = {isa = PBXFileReference; lastKnownFileType = sourcecode.swift; path = SurroundAudioTests.swift; sourceTree = "<group>"; };
		F90A4D44A48A124479BF7170 /* onboarding.feature */ = {isa = PBXFileReference; path = onboarding.feature; sourceTree = "<group>"; };
		F91979A356D42B8B2FF89810 /* TrackLabelsTests.swift */ = {isa = PBXFileReference; lastKnownFileType = sourcecode.swift; path = TrackLabelsTests.swift; sourceTree = "<group>"; };
		F93E291DDF653770BE71DECE /* VlcPlaybackState.swift */ = {isa = PBXFileReference; lastKnownFileType = sourcecode.swift; path = VlcPlaybackState.swift; sourceTree = "<group>"; };
		FAE7C444E05D9710962B3C0B /* ProgramRecord.swift */ = {isa = PBXFileReference; lastKnownFileType = sourcecode.swift; path = ProgramRecord.swift; sourceTree = "<group>"; };
		FEA71F38E7ADF72CEB475D5A /* XmltvEpisodeNum.swift */ = {isa = PBXFileReference; lastKnownFileType = sourcecode.swift; path = XmltvEpisodeNum.swift; sourceTree = "<group>"; };
		FEFCF4055097168A8529BFC4 /* EpgOffsetsTests.swift */ = {isa = PBXFileReference; lastKnownFileType = sourcecode.swift; path = EpgOffsetsTests.swift; sourceTree = "<group>"; };
/* End PBXFileReference section */

/* Begin PBXFrameworksBuildPhase section */
		3AB9CE1DCCDF4F6F56B5E071 /* Frameworks */ = {
			isa = PBXFrameworksBuildPhase;
			buildActionMask = 2147483647;
			files = (
				93EEF21D80859196E3C1E961 /* SWCompression in Frameworks */,
				475F023CD60AFDA53AE465AA /* GRDB in Frameworks */,
			);
			runOnlyForDeploymentPostprocessing = 0;
		};
		AACEA57C1D9804B6623C8631 /* Frameworks */ = {
			isa = PBXFrameworksBuildPhase;
			buildActionMask = 2147483647;
			files = (
				1EE319E6C895BDA1CF4F21E6 /* SWCompression in Frameworks */,
				7A25751B5AEC40A697291B37 /* GRDB in Frameworks */,
				FC8CE9AF5AE21A881EE82827 /* VLCKitSPM in Frameworks */,
			);
			runOnlyForDeploymentPostprocessing = 0;
		};
/* End PBXFrameworksBuildPhase section */

/* Begin PBXGroup section */
		0836AFCC054302597B44C075 /* Products */ = {
			isa = PBXGroup;
			children = (
				2C73DE1BC748EB029A1DAAEE /* Telly.app */,
				081CE4F3F308A626C04A4C68 /* TellyTests.xctest */,
				3C355744E958CD9D4670C063 /* TellyUITests.xctest */,
			);
			name = Products;
			sourceTree = "<group>";
		};
		0E78BC05E7E6325EC8C0CEA7 = {
			isa = PBXGroup;
			children = (
				547D14DCBBB16DE7186057F7 /* Telly */,
				B37F4B1B978FCA81445CDD03 /* TellyTests */,
				9779673A5E1330C4DE101590 /* TellyUITests */,
				0836AFCC054302597B44C075 /* Products */,
			);
			sourceTree = "<group>";
		};
		375CEF2F1B0B9299E21D88B7 /* App */ = {
			isa = PBXGroup;
			children = (
				CF9471C2B646C2FEBEF65BD2 /* AppEnvironment.swift */,
				378960B36436AF8BCF69A520 /* DebugLaunch.swift */,
				CBEB9E975114FB04C5DBF8EF /* GuideEpgStore.swift */,
				E3C2B1009DD10C6EF09FC610 /* HttpPlaylistFetcher.swift */,
			);
			path = App;
			sourceTree = "<group>";
		};
		488C4F95E799F5B7A3B76C78 /* Onboarding */ = {
			isa = PBXGroup;
			children = (
				D5E11046F624FCD118944FBE /* AddPlaylistModel.swift */,
				9A5A6C48D3900E38AE616489 /* AddPlaylistScreen.swift */,
				5B3D80BB7E4AA1D3685C35DF /* ChannelListScreen.swift */,
				33AA761F0C2AC5B545A070F9 /* HttpUrl.swift */,
				1E33824048D9B8A7E968723D /* PlaylistSummary.swift */,
				1B41BEA510401C8A0D0BE9FC /* UrlFieldView.swift */,
				639ED70131FE49348CC589BA /* WelcomeView.swift */,
				6C9CE1DA66DB1CF9821E07F8 /* WizardEpgStepView.swift */,
				992C51D1E60038A37B6CE407 /* WizardProcessedStepView.swift */,
				6C75E52CDEC9F7474FCCDB38 /* WizardState.swift */,
				3790D465B52208F3EBBB91BC /* WizardTypeStepView.swift */,
				9E64A3BF540099347299DA30 /* WizardUrlStepView.swift */,
			);
			path = Onboarding;
			sourceTree = "<group>";
		};
		547D14DCBBB16DE7186057F7 /* Telly */ = {
			isa = PBXGroup;
			children = (
				375CEF2F1B0B9299E21D88B7 /* App */,
				B59D10F5E95B98458DE192B2 /* Epg */,
				488C4F95E799F5B7A3B76C78 /* Onboarding */,
				5FF8E5825349C17D8DB032F9 /* Persistence */,
				9D1DEF4D4CA49619D42773A4 /* Playback */,
				D71DC2628AAAADCB6B0621AD /* Player */,
				96E6AC0FE7474F2765CC1496 /* Playlist */,
				4A5A8C96669009B439B3CCAD /* Assets.xcassets */,
				A8B22847E90EAFA3E38A3D74 /* ContentView.swift */,
				EB1976ACB9C3233BD3A7E9AB /* TellyApp.swift */,
			);
			path = Telly;
			sourceTree = "<group>";
		};
		5FF8E5825349C17D8DB032F9 /* Persistence */ = {
			isa = PBXGroup;
			children = (
				40913EE679CDA6A81F8C9B0E /* AppDatabase.swift */,
				E6955066FC099926C6950564 /* ChannelRecord.swift */,
				4ECEF82B37AB908441A8656A /* ChannelRecord+Entity.swift */,
				3428C72EBEB454AD2CE0B5B6 /* ChannelStore.swift */,
				A40C931EC40BCB3E459C45A8 /* CoreSchema.swift */,
				AA66C1D5E7DA6CEA7B4038A5 /* EpgSchema.swift */,
				30A1BF4D21ECE4136B80416F /* PlaylistStore.swift */,
				FAE7C444E05D9710962B3C0B /* ProgramRecord.swift */,
				E5576130AE8AFB06AFBB927F /* ProgramRecord+Entity.swift */,
				C7D3885DA8806968E5876FF7 /* ProgramStore.swift */,
			);
			path = Persistence;
			sourceTree = "<group>";
		};
		96E6AC0FE7474F2765CC1496 /* Playlist */ = {
			isa = PBXGroup;
			children = (
				310AA80E44CF4A8E35058A85 /* ChannelEntity.swift */,
				909FB3CA9271132E09114364 /* ChannelImporter.swift */,
				5483AF43B34E97A74EF02761 /* ChannelSource.swift */,
				EA72C528BC282E97C463256B /* ChannelUserState.swift */,
				4DFA418FED683F1A3C08B547 /* M3uModels.swift */,
				E73B7301D50C245AB98680F7 /* M3uParser.swift */,
				BE32CDF42DC851C835330F01 /* PlaylistEntity.swift */,
				66B617FC4941B43EDF685A7A /* TvgOffset.swift */,
				55E22503CE8CD1384F47467B /* VodClassifier.swift */,
			);
			path = Playlist;
			sourceTree = "<group>";
		};
		9779673A5E1330C4DE101590 /* TellyUITests */ = {
			isa = PBXGroup;
			children = (
				C78CF21776941B32837624EC /* Features */,
				030A43B5DACCF03D16F744EA /* AcceptanceTests.generated.swift */,
				8E2DC4D6F058AC249787519D /* AcceptanceTests.swift */,
				3F31789076E7F4E06D0340FF /* GherkinParser.swift */,
				9C95120BFE019A26B97DF4FC /* StepDefinitions.swift */,
				66CF0343E127E1F17FBEE8E6 /* StepRegistry.swift */,
			);
			path = TellyUITests;
			sourceTree = "<group>";
		};
		9D1DEF4D4CA49619D42773A4 /* Playback */ = {
			isa = PBXGroup;
			children = (
				148680C9B2DB597FFB1FF7A0 /* ChannelZapper.swift */,
				0ED44197B50FE3D28243878E /* LivePlaybackModel.swift */,
				AE2E4442DE30ED21130CC0C4 /* LivePlaybackModel+Keys.swift */,
				384B9CA24AF15E1089815370 /* LivePlaybackModel+Tune.swift */,
				324A27A909C7DE378295D713 /* LivePlaybackScreen.swift */,
				562D2D52D5C5533F8AB70D94 /* OverlayVisibility.swift */,
				2AF81DF98D2526C259FB0CCE /* PanelTimeouts.swift */,
				14AC8D5939183EFF23730549 /* PendingZap.swift */,
				F1CC40D09A16B0AFA3330197 /* PlaybackCommand.swift */,
				B14F51AE186FF1796831BCA2 /* PlaybackKey.swift */,
				217DA577D0F88D7385009AA2 /* PlaybackKeyPolicy.swift */,
				9FDA78D041840813DC1624B6 /* PlaybackOverlay.swift */,
				93A9896DB20B35683101EB72 /* PlaybackScreen.swift */,
				D4A2E6331B7FDDF758782CDD /* PlaybackStateChromeView.swift */,
				30DF4F44157AD31582B07D53 /* PlayerKeymap.swift */,
				D084849083573B325F7FEE2F /* VideoSurfaceView.swift */,
				7A9918F82FE3092A6EDB17AF /* ZapKeepFrame.swift */,
				35FF153426F7E4476A1BF21B /* ZapOverlayView.swift */,
			);
			path = Playback;
			sourceTree = "<group>";
		};
		B37F4B1B978FCA81445CDD03 /* TellyTests */ = {
			isa = PBXGroup;
			children = (
				978E40923C0BD5A67EAD3E8D /* AddPlaylistModelTests.swift */,
				6459607D004B96A0D9D926AC /* ChannelEntityTests.swift */,
				CB6C59E528CFF9F4244CC01E /* ChannelImporterTests.swift */,
				F06A6C4B7C8423DF4D41E23F /* ChannelStoreTests.swift */,
				1A9674BB6F6F4077491E2A06 /* ChannelZapperTests.swift */,
				5BCC66C6AF1F6B3B9B556A04 /* CompressedXmltvTests.swift */,
				1C9B9A456FE757E51945DDFF /* DebugLaunchTests.swift */,
				23427A4417240AC10B0B2C7E /* EpgDownloaderTests.swift */,
				FEFCF4055097168A8529BFC4 /* EpgOffsetsTests.swift */,
				3A722ACF8D5F5A0C9BB05E30 /* EpgRefresherTests.swift */,
				80CDEC3595A9E4BF0A4E7B88 /* EpgRepositoryTests.swift */,
				8957794BBE325137D232EB25 /* FakePlayerEngine.swift */,
				48A9F5FFF68774C764EFF990 /* GuideEpgStoreTests.swift */,
				7AC9AE905C341CD7DAD3582E /* LivePlaybackModelTests.swift */,
				3AC312A869B806A4BDF2B25A /* M3uParserTests.swift */,
				8A09C246172AFD578849E1D3 /* NowNextResolverTests.swift */,
				C1ADA1A3FB89C7BF310F5E00 /* OverlayVisibilityTests.swift */,
				81EB9E77FB158242EA54266A /* PanelTimeoutsTests.swift */,
				4612550684E594CA7F3A2F1E /* PendingZapTests.swift */,
				5FAD294DBE29F9D78C957A1A /* PlaybackBadgesTests.swift */,
				64443555FC9C27974D518F54 /* PlaybackKeyPolicyTests.swift */,
				B60695790FA29713F6F4EFD9 /* PlaybackReducerTests.swift */,
				BBB782F0993A74E3AC3A0815 /* PlayerKeymapTests.swift */,
				6BCEDF66246565A56BBABD8B /* PlayerStateTests.swift */,
				D74EFF331827B16223EC8123 /* PlaylistStoreTests.swift */,
				BEBD0DCB6D86A13F1794F6FE /* PlaylistSummaryTests.swift */,
				4CA9E1AB74CA81AE88A28339 /* ProgramRecordTests.swift */,
				9C7CD4BC4ED6DBFBCED4271D /* ProgramStoreTests.swift */,
				CE85A65977364D5895537F30 /* ReconnectPolicyTests.swift */,
				D0B3EE42F19E2DA4FBF3F3DB /* RefreshSchedulerTests.swift */,
				22C4CA49516137B28B6B11A3 /* ResizeModeTests.swift */,
				F62A5C11F0C4AC40C0A76784 /* SurroundAudioTests.swift */,
				F91979A356D42B8B2FF89810 /* TrackLabelsTests.swift */,
				E40456273D25E6E83E2F32FC /* TrackPickerRowsTests.swift */,
				987AD818A024549B071BDBE1 /* VlcStateMappingTests.swift */,
				7A631A01CB4753E2E28B24F4 /* XmltvParserTests.swift */,
				11189EA374DEF56C0C3B2067 /* XmltvTimestampTests.swift */,
				319C27B00D6056E129E91BB3 /* ZapKeepFrameTests.swift */,
			);
			path = TellyTests;
			sourceTree = "<group>";
		};
		B59D10F5E95B98458DE192B2 /* Epg */ = {
			isa = PBXGroup;
			children = (
				984EC2E8176F45E1711F5A76 /* CompressedXmltv.swift */,
				E22365783B30FDCD895BCC09 /* EpgDownloader.swift */,
				C3BE5846F0E695DA3565F177 /* EpgOffsets.swift */,
				4AA958C21A27348FF819BA98 /* EpgRefresher.swift */,
				EC46962DA6213D6AE285ACAB /* EpgRepository.swift */,
				AFE592895ECE19026B765DD5 /* NowNext.swift */,
				DC8565DC3A8580F8A5606B52 /* RefreshScheduler.swift */,
				B64D1227BBE1557C1D3C5311 /* XmltvElementReader.swift */,
				FEA71F38E7ADF72CEB475D5A /* XmltvEpisodeNum.swift */,
				0376B2E232DEAE15C2DCEF69 /* XmltvParser.swift */,
				9C96E3A740AA59FE5E94A9CF /* XmltvParserDelegate.swift */,
				2AC541AF5A8B8B8429031427 /* XmltvTimestamp.swift */,
				911911F5CB370C8AD142854F /* XmltvTypes.swift */,
			);
			path = Epg;
			sourceTree = "<group>";
		};
		C78CF21776941B32837624EC /* Features */ = {
			isa = PBXGroup;
			children = (
				F90A4D44A48A124479BF7170 /* onboarding.feature */,
			);
			path = Features;
			sourceTree = "<group>";
		};
		D71DC2628AAAADCB6B0621AD /* Player */ = {
			isa = PBXGroup;
			children = (
				E842980BA48739C0CB64AC7A /* Tracks */,
				79A49A7D5F0B7ED807A9C851 /* PlaybackBadges.swift */,
				50B3D46CDDA4BCBABD96FB4C /* PlaybackReducer.swift */,
				E9DEEC797F8FD8F217AF3A3F /* PlayerEngine.swift */,
				0C7AA888B99B0C554E7A1E93 /* PlayerState.swift */,
				BDAD5CB36B73671A605E222D /* ReconnectPolicy.swift */,
				5973982C69D0CE8F39A827C5 /* ResizeMode.swift */,
				83D570B030BFCAEF8933160D /* SurroundAudio.swift */,
				47B2B57D88C5F456CF1EEE0C /* VideoDetails.swift */,
				E55C9FCE4B6E63A1AF16ABF8 /* VlcDelegateProxy.swift */,
				52696F67557E1FAF73AAFBCC /* VLCKitPlayerEngine.swift */,
				F93E291DDF653770BE71DECE /* VlcPlaybackState.swift */,
			);
			path = Player;
			sourceTree = "<group>";
		};
		E842980BA48739C0CB64AC7A /* Tracks */ = {
			isa = PBXGroup;
			children = (
				3BA4B7FD661163037CE53FB6 /* NoTracks.swift */,
				3F7D9E8107872853BF82EE56 /* TrackFacade.swift */,
				74F9824DE072E26C3727BECA /* TrackLabels.swift */,
				6D6ECB418641F5055DC306B1 /* TrackModels.swift */,
				4A3AF6BB726F90FB3667BF32 /* TrackPickerKind.swift */,
				47CED40EFF78E7A5EEBA6064 /* TrackPickerRows.swift */,
			);
			path = Tracks;
			sourceTree = "<group>";
		};
/* End PBXGroup section */

/* Begin PBXNativeTarget section */
		18535603E2AC6C38D92CE6E6 /* TellyUITests */ = {
			isa = PBXNativeTarget;
			buildConfigurationList = 5BBD1F4E02FB8366F0AC34A1 /* Build configuration list for PBXNativeTarget "TellyUITests" */;
			buildPhases = (
				2FF7DAB9D00E48B019D9C91B /* Sources */,
				C9CE0D8051CD59BE1471A62E /* Resources */,
			);
			buildRules = (
			);
			dependencies = (
				4076712C2A5406223CCC6D26 /* PBXTargetDependency */,
			);
			name = TellyUITests;
			packageProductDependencies = (
			);
			productName = TellyUITests;
			productReference = 3C355744E958CD9D4670C063 /* TellyUITests.xctest */;
			productType = "com.apple.product-type.bundle.ui-testing";
		};
		774E8C4D69E8237D0DE98FCF /* Telly */ = {
			isa = PBXNativeTarget;
			buildConfigurationList = 7AF6406B338C25C7A15ADC71 /* Build configuration list for PBXNativeTarget "Telly" */;
			buildPhases = (
				66812768B32B586550D25F73 /* Sources */,
				E079CAAE61B998EAE33674BC /* Resources */,
				AACEA57C1D9804B6623C8631 /* Frameworks */,
			);
			buildRules = (
			);
			dependencies = (
			);
			name = Telly;
			packageProductDependencies = (
				A1372D91A16ECE3B5EA3AB16 /* SWCompression */,
				26FF1BEB0FDDB1559EB47C2A /* GRDB */,
				B890B0A2D056106897E395D0 /* VLCKitSPM */,
			);
			productName = Telly;
			productReference = 2C73DE1BC748EB029A1DAAEE /* Telly.app */;
			productType = "com.apple.product-type.application";
		};
		8C5693EB1A67A103BA5E7B76 /* TellyTests */ = {
			isa = PBXNativeTarget;
			buildConfigurationList = B8CD1A0453575DE3E155A17C /* Build configuration list for PBXNativeTarget "TellyTests" */;
			buildPhases = (
				A090B5B39349FCDFE6D04270 /* Sources */,
				3AB9CE1DCCDF4F6F56B5E071 /* Frameworks */,
			);
			buildRules = (
			);
			dependencies = (
				C188306985C8E73C642D6D86 /* PBXTargetDependency */,
			);
			name = TellyTests;
			packageProductDependencies = (
				6938A520720D3E3EB82CC0D8 /* SWCompression */,
				D529D436158D9F927352C874 /* GRDB */,
			);
			productName = TellyTests;
			productReference = 081CE4F3F308A626C04A4C68 /* TellyTests.xctest */;
			productType = "com.apple.product-type.bundle.unit-test";
		};
/* End PBXNativeTarget section */

/* Begin PBXProject section */
		6BB3D7E225E884704BDADA1B /* Project object */ = {
			isa = PBXProject;
			attributes = {
				BuildIndependentTargetsInParallel = YES;
				LastUpgradeCheck = 1430;
				TargetAttributes = {
					18535603E2AC6C38D92CE6E6 = {
						DevelopmentTeam = JW5SC3NYUV;
						ProvisioningStyle = Automatic;
						TestTargetID = 774E8C4D69E8237D0DE98FCF;
					};
					774E8C4D69E8237D0DE98FCF = {
						DevelopmentTeam = JW5SC3NYUV;
						ProvisioningStyle = Automatic;
					};
					8C5693EB1A67A103BA5E7B76 = {
						DevelopmentTeam = JW5SC3NYUV;
						ProvisioningStyle = Automatic;
					};
				};
			};
			buildConfigurationList = 730242A667C9D9ED83460F55 /* Build configuration list for PBXProject "Telly" */;
			developmentRegion = en;
			hasScannedForEncodings = 0;
			knownRegions = (
				Base,
				en,
			);
			mainGroup = 0E78BC05E7E6325EC8C0CEA7;
			minimizedProjectReferenceProxies = 1;
			packageReferences = (
				80DDB9584C6BAA971A7747F7 /* XCRemoteSwiftPackageReference "GRDB.swift" */,
				704F026E7219B1C1FD1085B2 /* XCRemoteSwiftPackageReference "SWCompression" */,
				3DA72090F591B272C9AFC142 /* XCRemoteSwiftPackageReference "vlckit-spm" */,
			);
			preferredProjectObjectVersion = 77;
			productRefGroup = 0836AFCC054302597B44C075 /* Products */;
			projectDirPath = "";
			projectRoot = "";
			targets = (
				774E8C4D69E8237D0DE98FCF /* Telly */,
				8C5693EB1A67A103BA5E7B76 /* TellyTests */,
				18535603E2AC6C38D92CE6E6 /* TellyUITests */,
			);
		};
/* End PBXProject section */

/* Begin PBXResourcesBuildPhase section */
		C9CE0D8051CD59BE1471A62E /* Resources */ = {
			isa = PBXResourcesBuildPhase;
			buildActionMask = 2147483647;
			files = (
				351CD8FAA8115430788B47FA /* onboarding.feature in Resources */,
			);
			runOnlyForDeploymentPostprocessing = 0;
		};
		E079CAAE61B998EAE33674BC /* Resources */ = {
			isa = PBXResourcesBuildPhase;
			buildActionMask = 2147483647;
			files = (
				841A40CE93CA925A21570D1E /* Assets.xcassets in Resources */,
			);
			runOnlyForDeploymentPostprocessing = 0;
		};
/* End PBXResourcesBuildPhase section */

/* Begin PBXSourcesBuildPhase section */
		2FF7DAB9D00E48B019D9C91B /* Sources */ = {
			isa = PBXSourcesBuildPhase;
			buildActionMask = 2147483647;
			files = (
				26597D957B6FB9D14691692A /* AcceptanceTests.generated.swift in Sources */,
				4AD876CA4543793471FC4142 /* AcceptanceTests.swift in Sources */,
				66CFF187D80F0DF9242A8EBF /* GherkinParser.swift in Sources */,
				34AFA192FF5B6E7AF085C277 /* StepDefinitions.swift in Sources */,
				1B1DB27D733CF47E31CD33D4 /* StepRegistry.swift in Sources */,
			);
			runOnlyForDeploymentPostprocessing = 0;
		};
		66812768B32B586550D25F73 /* Sources */ = {
			isa = PBXSourcesBuildPhase;
			buildActionMask = 2147483647;
			files = (
				1A29BBF48A30C0330EE3147E /* AddPlaylistModel.swift in Sources */,
				DA1B1BED2B9ADAD4B2BE84FF /* AddPlaylistScreen.swift in Sources */,
				20790450B4BB88B6CD3C617D /* AppDatabase.swift in Sources */,
				1AB8F1F6D4FE45DEEDA69CF8 /* AppEnvironment.swift in Sources */,
				62A08D697E6A866CE211DC32 /* ChannelEntity.swift in Sources */,
				A8714A6573A02EE9246F8A77 /* ChannelImporter.swift in Sources */,
				DCFD07384D5A31E7CDF25EA2 /* ChannelListScreen.swift in Sources */,
				D53B3BE5A1B2F6604D8DD115 /* ChannelRecord+Entity.swift in Sources */,
				D53F175E5064331E1E69DB0D /* ChannelRecord.swift in Sources */,
				54070F54B8C9170E185D46A7 /* ChannelSource.swift in Sources */,
				C853572B16CB7A97483A6E6A /* ChannelStore.swift in Sources */,
				789A545F1ABB75F2793A3565 /* ChannelUserState.swift in Sources */,
				9759FFDB56E38CB24C86BFCA /* ChannelZapper.swift in Sources */,
				B9CABC6DF3C487006321F321 /* CompressedXmltv.swift in Sources */,
				FD886AE63B3A5190A4E5DF1A /* ContentView.swift in Sources */,
				6ABECB2EEBB6BB49C98E31DD /* CoreSchema.swift in Sources */,
				A640D64B37238FCF71658322 /* DebugLaunch.swift in Sources */,
				20B40F44648BCEEE91F032B7 /* EpgDownloader.swift in Sources */,
				E120C056EF6F18CBBD55DC0D /* EpgOffsets.swift in Sources */,
				C75EA0E1C2D0EDADD9AD16A7 /* EpgRefresher.swift in Sources */,
				02953CE8E6810FEC755C5071 /* EpgRepository.swift in Sources */,
				D8D0C6B12DE3BB27D7284E57 /* EpgSchema.swift in Sources */,
				451E456E72C6DE0ABA1D6575 /* GuideEpgStore.swift in Sources */,
				FC1B9378CFDD73025A647ABA /* HttpPlaylistFetcher.swift in Sources */,
				D185D838DBA0AF34C0175868 /* HttpUrl.swift in Sources */,
				60563B5E6CD11DC45946FF28 /* LivePlaybackModel+Keys.swift in Sources */,
				3D5F0D9E74DF8D73EB326A5E /* LivePlaybackModel+Tune.swift in Sources */,
				315A54C316CE4620BF93DD17 /* LivePlaybackModel.swift in Sources */,
				5E8CF6740BB2D4AAD641C13E /* LivePlaybackScreen.swift in Sources */,
				DF124DD1E7EB5AC3AC11FEF4 /* M3uModels.swift in Sources */,
				3DB1295E43736FFC953773B1 /* M3uParser.swift in Sources */,
				2EF2738677D8D0B434C4706B /* NoTracks.swift in Sources */,
				80314401F98FDCA158A1FF7D /* NowNext.swift in Sources */,
				8DEC43B874210C6971442C08 /* OverlayVisibility.swift in Sources */,
				E34F396EEDAF8E6ECC2BB632 /* PanelTimeouts.swift in Sources */,
				306683117C97BFF70CD8B3B8 /* PendingZap.swift in Sources */,
				7349CC66A93701D5D0B0F98A /* PlaybackBadges.swift in Sources */,
				4A18A1BA9D275A3C04D3CCDD /* PlaybackCommand.swift in Sources */,
				279D14A464CC3026158F7789 /* PlaybackKey.swift in Sources */,
				E6A78447C7F1F09295010E5F /* PlaybackKeyPolicy.swift in Sources */,
				001780F869C79CD47194E527 /* PlaybackOverlay.swift in Sources */,
				3C802142F2773180AA976ACF /* PlaybackReducer.swift in Sources */,
				7A32CD46DD3EE6A758DCA6EC /* PlaybackScreen.swift in Sources */,
				D1A2A23F3518A4A6AD1B6363 /* PlaybackStateChromeView.swift in Sources */,
				10CCD9A096D40B5E0ED04928 /* PlayerEngine.swift in Sources */,
				30F50318EAC4991322A638C7 /* PlayerKeymap.swift in Sources */,
				D7BCFDE5CA75D89CC4B2F541 /* PlayerState.swift in Sources */,
				110D212129AE12BD5AF06644 /* PlaylistEntity.swift in Sources */,
				2311624430C68B2A4E03C32C /* PlaylistStore.swift in Sources */,
				7EB3E4C17BB5F9EFB8E21ECF /* PlaylistSummary.swift in Sources */,
				8F3DAD34F4C29F0C8B59CCB2 /* ProgramRecord+Entity.swift in Sources */,
				2D612FCFA191FBA5A841701D /* ProgramRecord.swift in Sources */,
				C1126DCF45D74EF39D5799A0 /* ProgramStore.swift in Sources */,
				B2C5AF7A257A7C9F7402C4FA /* ReconnectPolicy.swift in Sources */,
				6E10D3A0FCB75E54292C438A /* RefreshScheduler.swift in Sources */,
				103F93E4BD9C092C639EED0D /* ResizeMode.swift in Sources */,
				1498439A74AC234AC8606410 /* SurroundAudio.swift in Sources */,
				7CDE7636B43ED305BE1A500A /* TellyApp.swift in Sources */,
				EC8189125EE13CC509B8B737 /* TrackFacade.swift in Sources */,
				7BD953F6C29E91B168AB4E2A /* TrackLabels.swift in Sources */,
				58507C243F59F508B1AAE5B8 /* TrackModels.swift in Sources */,
				D4E28E752CE510D149344DA2 /* TrackPickerKind.swift in Sources */,
				FCF5FE1B8E7D162E5E254010 /* TrackPickerRows.swift in Sources */,
				D831D7C36223E8AA438A33EB /* TvgOffset.swift in Sources */,
				A48E2133741A5EF0983FE138 /* UrlFieldView.swift in Sources */,
				5EB66893073CC3F9BD6C1240 /* VLCKitPlayerEngine.swift in Sources */,
				BAF884550AC1C30D2C43688F /* VideoDetails.swift in Sources */,
				862D36FCA962E74287D36D82 /* VideoSurfaceView.swift in Sources */,
				A106D6CA1F01116CA218A422 /* VlcDelegateProxy.swift in Sources */,
				7D24A2A2D02ED1A2B07E9C06 /* VlcPlaybackState.swift in Sources */,
				0A75F51F7F599229F03CD0D9 /* VodClassifier.swift in Sources */,
				BF5C71431CD235D6BB848073 /* WelcomeView.swift in Sources */,
				060E18C8255F4AA1F3107C53 /* WizardEpgStepView.swift in Sources */,
				6DEEB1CFDA6221302199C886 /* WizardProcessedStepView.swift in Sources */,
				E24F8AAC388C30AFF3707F90 /* WizardState.swift in Sources */,
				385AAFDE54DBCE3669FCA999 /* WizardTypeStepView.swift in Sources */,
				D57F7EEE3473CADE5F8B8233 /* WizardUrlStepView.swift in Sources */,
				6A2F402410E34CFA2EFF487C /* XmltvElementReader.swift in Sources */,
				4F1BF8F530441CE2BA1291A0 /* XmltvEpisodeNum.swift in Sources */,
				7A69B567FC802B74841531DB /* XmltvParser.swift in Sources */,
				625AF02BB79E7FE3D13F180A /* XmltvParserDelegate.swift in Sources */,
				2D0CF1B8BB79FE37480115CD /* XmltvTimestamp.swift in Sources */,
				468AEAB4FE7257D65A79038E /* XmltvTypes.swift in Sources */,
				BCFB11239754F01ED6A753DF /* ZapKeepFrame.swift in Sources */,
				9D24C30C7A012D84F3A1A7B0 /* ZapOverlayView.swift in Sources */,
			);
			runOnlyForDeploymentPostprocessing = 0;
		};
		A090B5B39349FCDFE6D04270 /* Sources */ = {
			isa = PBXSourcesBuildPhase;
			buildActionMask = 2147483647;
			files = (
				20E6F7695D49F55EA09F0BCB /* AddPlaylistModelTests.swift in Sources */,
				24A5D5AB358021BA902FF427 /* ChannelEntityTests.swift in Sources */,
				5CEA3890A0FD3BF92F752BC2 /* ChannelImporterTests.swift in Sources */,
				54E66C55F838A6A6050394B6 /* ChannelStoreTests.swift in Sources */,
				9B1F3AF7AD5A8F1F3FFC02C4 /* ChannelZapperTests.swift in Sources */,
				FB6FC45374EB5D59A85C1060 /* CompressedXmltvTests.swift in Sources */,
				1E9DD8701A4EA1F4C149BC30 /* DebugLaunchTests.swift in Sources */,
				A4FB7E8AC7A794738332B2B8 /* EpgDownloaderTests.swift in Sources */,
				5CF520DDBFDBAF6682FE4D5F /* EpgOffsetsTests.swift in Sources */,
				DAC26A6F75D9F8CA896AF342 /* EpgRefresherTests.swift in Sources */,
				01C4782F7461B5382BAEB201 /* EpgRepositoryTests.swift in Sources */,
				F64CD4122F3CDE918FBC24E8 /* FakePlayerEngine.swift in Sources */,
				C5B846D2AB5BC86E4AE6469A /* GuideEpgStoreTests.swift in Sources */,
				DD3A9F5CB04645EBB05E2A3E /* LivePlaybackModelTests.swift in Sources */,
				0C4635D986E8377B2CAD2242 /* M3uParserTests.swift in Sources */,
				39F5AD4531A880CD005EAE52 /* NowNextResolverTests.swift in Sources */,
				6902EBD568C7BE847F2EC2F3 /* OverlayVisibilityTests.swift in Sources */,
				969C40C4E7CEB9125AC1CD5C /* PanelTimeoutsTests.swift in Sources */,
				EADF8718D4ED90774A4E5131 /* PendingZapTests.swift in Sources */,
				C7AF8C66A791EADF8F5A718C /* PlaybackBadgesTests.swift in Sources */,
				363F19999F8C722FC00C6E1C /* PlaybackKeyPolicyTests.swift in Sources */,
				59C56541C781ABB2D6BD1D1B /* PlaybackReducerTests.swift in Sources */,
				6523C916A072F05DD3B4F555 /* PlayerKeymapTests.swift in Sources */,
				CEF05E53D629FE63C080634F /* PlayerStateTests.swift in Sources */,
				F68583C2DAE121F4B0CE8D65 /* PlaylistStoreTests.swift in Sources */,
				6BBD28365E8F2C4D73DE4DCD /* PlaylistSummaryTests.swift in Sources */,
				6EA3AA6C1DD3E90B843DD55A /* ProgramRecordTests.swift in Sources */,
				396B2EC0A1C7F4BA660ABDE2 /* ProgramStoreTests.swift in Sources */,
				3343EA232EB0EAB218F1A5FE /* ReconnectPolicyTests.swift in Sources */,
				83F67D74F36B3EF7A6E6186C /* RefreshSchedulerTests.swift in Sources */,
				AF0539C35A9BFAB68CBBD175 /* ResizeModeTests.swift in Sources */,
				A83D1A0B71757F063E093217 /* SurroundAudioTests.swift in Sources */,
				8A3CE390DAA505A3518D2DA0 /* TrackLabelsTests.swift in Sources */,
				0C2DC3AEBE3854DCECF37046 /* TrackPickerRowsTests.swift in Sources */,
				B826F580BB07CFE4540034AB /* VlcStateMappingTests.swift in Sources */,
				F0DD40297E96DE33816EB2AF /* XmltvParserTests.swift in Sources */,
				2DB94E5C3639BBE59EA67920 /* XmltvTimestampTests.swift in Sources */,
				4C3CFD1F21D770BC278E83CB /* ZapKeepFrameTests.swift in Sources */,
			);
			runOnlyForDeploymentPostprocessing = 0;
		};
/* End PBXSourcesBuildPhase section */

/* Begin PBXTargetDependency section */
		4076712C2A5406223CCC6D26 /* PBXTargetDependency */ = {
			isa = PBXTargetDependency;
			target = 774E8C4D69E8237D0DE98FCF /* Telly */;
			targetProxy = 35797233883B7DC306687333 /* PBXContainerItemProxy */;
		};
		C188306985C8E73C642D6D86 /* PBXTargetDependency */ = {
			isa = PBXTargetDependency;
			target = 774E8C4D69E8237D0DE98FCF /* Telly */;
			targetProxy = D39869008A1731DA1ACAF387 /* PBXContainerItemProxy */;
		};
/* End PBXTargetDependency section */

/* Begin XCBuildConfiguration section */
		3C2410DD7506C78389316948 /* Debug */ = {
			isa = XCBuildConfiguration;
			buildSettings = {
				ALWAYS_SEARCH_USER_PATHS = NO;
				CLANG_ANALYZER_NONNULL = YES;
				CLANG_ANALYZER_NUMBER_OBJECT_CONVERSION = YES_AGGRESSIVE;
				CLANG_CXX_LANGUAGE_STANDARD = "gnu++14";
				CLANG_CXX_LIBRARY = "libc++";
				CLANG_ENABLE_MODULES = YES;
				CLANG_ENABLE_OBJC_ARC = YES;
				CLANG_ENABLE_OBJC_WEAK = YES;
				CLANG_WARN_BLOCK_CAPTURE_AUTORELEASING = YES;
				CLANG_WARN_BOOL_CONVERSION = YES;
				CLANG_WARN_COMMA = YES;
				CLANG_WARN_CONSTANT_CONVERSION = YES;
				CLANG_WARN_DEPRECATED_OBJC_IMPLEMENTATIONS = YES;
				CLANG_WARN_DIRECT_OBJC_ISA_USAGE = YES_ERROR;
				CLANG_WARN_DOCUMENTATION_COMMENTS = YES;
				CLANG_WARN_EMPTY_BODY = YES;
				CLANG_WARN_ENUM_CONVERSION = YES;
				CLANG_WARN_INFINITE_RECURSION = YES;
				CLANG_WARN_INT_CONVERSION = YES;
				CLANG_WARN_NON_LITERAL_NULL_CONVERSION = YES;
				CLANG_WARN_OBJC_IMPLICIT_RETAIN_SELF = YES;
				CLANG_WARN_OBJC_LITERAL_CONVERSION = YES;
				CLANG_WARN_OBJC_ROOT_CLASS = YES_ERROR;
				CLANG_WARN_QUOTED_INCLUDE_IN_FRAMEWORK_HEADER = YES;
				CLANG_WARN_RANGE_LOOP_ANALYSIS = YES;
				CLANG_WARN_STRICT_PROTOTYPES = YES;
				CLANG_WARN_SUSPICIOUS_MOVE = YES;
				CLANG_WARN_UNGUARDED_AVAILABILITY = YES_AGGRESSIVE;
				CLANG_WARN_UNREACHABLE_CODE = YES;
				CLANG_WARN__DUPLICATE_METHOD_MATCH = YES;
				CODE_SIGN_STYLE = Automatic;
				COPY_PHASE_STRIP = NO;
				CURRENT_PROJECT_VERSION = 1;
				DEBUG_INFORMATION_FORMAT = dwarf;
				DEVELOPMENT_TEAM = JW5SC3NYUV;
				ENABLE_STRICT_OBJC_MSGSEND = YES;
				ENABLE_TESTABILITY = YES;
				GCC_C_LANGUAGE_STANDARD = gnu11;
				GCC_DYNAMIC_NO_PIC = NO;
				GCC_NO_COMMON_BLOCKS = YES;
				GCC_OPTIMIZATION_LEVEL = 0;
				GCC_PREPROCESSOR_DEFINITIONS = (
					"$(inherited)",
					"DEBUG=1",
				);
				GCC_WARN_64_TO_32_BIT_CONVERSION = YES;
				GCC_WARN_ABOUT_RETURN_TYPE = YES_ERROR;
				GCC_WARN_UNDECLARED_SELECTOR = YES;
				GCC_WARN_UNINITIALIZED_AUTOS = YES_AGGRESSIVE;
				GCC_WARN_UNUSED_FUNCTION = YES;
				GCC_WARN_UNUSED_VARIABLE = YES;
				IPHONEOS_DEPLOYMENT_TARGET = 18.0;
				MARKETING_VERSION = 0.1.0;
				MTL_ENABLE_DEBUG_INFO = INCLUDE_SOURCE;
				MTL_FAST_MATH = YES;
				ONLY_ACTIVE_ARCH = YES;
				PRODUCT_NAME = "$(TARGET_NAME)";
				SDKROOT = auto;
				SWIFT_ACTIVE_COMPILATION_CONDITIONS = DEBUG;
				SWIFT_OPTIMIZATION_LEVEL = "-Onone";
				SWIFT_VERSION = 5.0;
				TVOS_DEPLOYMENT_TARGET = 18.0;
			};
			name = Debug;
		};
		42663A8B5653CFD0C81BD294 /* Release */ = {
			isa = XCBuildConfiguration;
			buildSettings = {
				BUNDLE_LOADER = "$(TEST_HOST)";
				GENERATE_INFOPLIST_FILE = YES;
				LD_RUNPATH_SEARCH_PATHS = (
					"$(inherited)",
					"@executable_path/Frameworks",
					"@loader_path/Frameworks",
				);
				PRODUCT_BUNDLE_IDENTIFIER = com.johncorser.telly.tests;
				SDKROOT = auto;
				SUPPORTED_PLATFORMS = "iphoneos iphonesimulator appletvos appletvsimulator";
				SUPPORTS_MACCATALYST = NO;
				SUPPORTS_MAC_DESIGNED_FOR_IPHONE_IPAD = YES;
				SUPPORTS_XR_DESIGNED_FOR_IPHONE_IPAD = YES;
				TARGETED_DEVICE_FAMILY = "1,2,3";
				TEST_HOST = "$(BUILT_PRODUCTS_DIR)/Telly.app/Telly";
			};
			name = Release;
		};
		55270CCC4D02932727C617A4 /* Release */ = {
			isa = XCBuildConfiguration;
			buildSettings = {
				ALWAYS_SEARCH_USER_PATHS = NO;
				CLANG_ANALYZER_NONNULL = YES;
				CLANG_ANALYZER_NUMBER_OBJECT_CONVERSION = YES_AGGRESSIVE;
				CLANG_CXX_LANGUAGE_STANDARD = "gnu++14";
				CLANG_CXX_LIBRARY = "libc++";
				CLANG_ENABLE_MODULES = YES;
				CLANG_ENABLE_OBJC_ARC = YES;
				CLANG_ENABLE_OBJC_WEAK = YES;
				CLANG_WARN_BLOCK_CAPTURE_AUTORELEASING = YES;
				CLANG_WARN_BOOL_CONVERSION = YES;
				CLANG_WARN_COMMA = YES;
				CLANG_WARN_CONSTANT_CONVERSION = YES;
				CLANG_WARN_DEPRECATED_OBJC_IMPLEMENTATIONS = YES;
				CLANG_WARN_DIRECT_OBJC_ISA_USAGE = YES_ERROR;
				CLANG_WARN_DOCUMENTATION_COMMENTS = YES;
				CLANG_WARN_EMPTY_BODY = YES;
				CLANG_WARN_ENUM_CONVERSION = YES;
				CLANG_WARN_INFINITE_RECURSION = YES;
				CLANG_WARN_INT_CONVERSION = YES;
				CLANG_WARN_NON_LITERAL_NULL_CONVERSION = YES;
				CLANG_WARN_OBJC_IMPLICIT_RETAIN_SELF = YES;
				CLANG_WARN_OBJC_LITERAL_CONVERSION = YES;
				CLANG_WARN_OBJC_ROOT_CLASS = YES_ERROR;
				CLANG_WARN_QUOTED_INCLUDE_IN_FRAMEWORK_HEADER = YES;
				CLANG_WARN_RANGE_LOOP_ANALYSIS = YES;
				CLANG_WARN_STRICT_PROTOTYPES = YES;
				CLANG_WARN_SUSPICIOUS_MOVE = YES;
				CLANG_WARN_UNGUARDED_AVAILABILITY = YES_AGGRESSIVE;
				CLANG_WARN_UNREACHABLE_CODE = YES;
				CLANG_WARN__DUPLICATE_METHOD_MATCH = YES;
				CODE_SIGN_STYLE = Automatic;
				COPY_PHASE_STRIP = NO;
				CURRENT_PROJECT_VERSION = 1;
				DEBUG_INFORMATION_FORMAT = "dwarf-with-dsym";
				DEVELOPMENT_TEAM = JW5SC3NYUV;
				ENABLE_NS_ASSERTIONS = NO;
				ENABLE_STRICT_OBJC_MSGSEND = YES;
				GCC_C_LANGUAGE_STANDARD = gnu11;
				GCC_NO_COMMON_BLOCKS = YES;
				GCC_WARN_64_TO_32_BIT_CONVERSION = YES;
				GCC_WARN_ABOUT_RETURN_TYPE = YES_ERROR;
				GCC_WARN_UNDECLARED_SELECTOR = YES;
				GCC_WARN_UNINITIALIZED_AUTOS = YES_AGGRESSIVE;
				GCC_WARN_UNUSED_FUNCTION = YES;
				GCC_WARN_UNUSED_VARIABLE = YES;
				IPHONEOS_DEPLOYMENT_TARGET = 18.0;
				MARKETING_VERSION = 0.1.0;
				MTL_ENABLE_DEBUG_INFO = NO;
				MTL_FAST_MATH = YES;
				PRODUCT_NAME = "$(TARGET_NAME)";
				SDKROOT = auto;
				SWIFT_COMPILATION_MODE = wholemodule;
				SWIFT_OPTIMIZATION_LEVEL = "-O";
				SWIFT_VERSION = 5.0;
				TVOS_DEPLOYMENT_TARGET = 18.0;
			};
			name = Release;
		};
		62CDD2007A6911CA66496C39 /* Release */ = {
			isa = XCBuildConfiguration;
			buildSettings = {
				BUNDLE_LOADER = "$(TEST_HOST)";
				GENERATE_INFOPLIST_FILE = YES;
				LD_RUNPATH_SEARCH_PATHS = (
					"$(inherited)",
					"@executable_path/Frameworks",
					"@loader_path/Frameworks",
				);
				PRODUCT_BUNDLE_IDENTIFIER = com.johncorser.telly.uitests;
				SDKROOT = auto;
				SUPPORTED_PLATFORMS = "iphoneos iphonesimulator appletvos appletvsimulator";
				SUPPORTS_MACCATALYST = NO;
				SUPPORTS_MAC_DESIGNED_FOR_IPHONE_IPAD = YES;
				SUPPORTS_XR_DESIGNED_FOR_IPHONE_IPAD = YES;
				TARGETED_DEVICE_FAMILY = "1,2,3";
				TEST_TARGET_NAME = Telly;
			};
			name = Release;
		};
		6A7E372072EA06385F88A88C /* Debug */ = {
			isa = XCBuildConfiguration;
			buildSettings = {
				ASSETCATALOG_COMPILER_APPICON_NAME = AppIcon;
				CODE_SIGN_IDENTITY = "iPhone Developer";
				GENERATE_INFOPLIST_FILE = YES;
				INFOPLIST_KEY_CFBundleDisplayName = Telly;
				INFOPLIST_KEY_ITSAppUsesNonExemptEncryption = NO;
				INFOPLIST_KEY_LSApplicationCategoryType = "public.app-category.entertainment";
				INFOPLIST_KEY_UIApplicationSceneManifest_Generation = YES;
				INFOPLIST_KEY_UILaunchScreen_Generation = YES;
				LD_RUNPATH_SEARCH_PATHS = (
					"$(inherited)",
					"@executable_path/Frameworks",
				);
				PRODUCT_BUNDLE_IDENTIFIER = com.johncorser.telly;
				SDKROOT = auto;
				SUPPORTED_PLATFORMS = "iphoneos iphonesimulator appletvos appletvsimulator";
				SUPPORTS_MACCATALYST = NO;
				SUPPORTS_MAC_DESIGNED_FOR_IPHONE_IPAD = YES;
				SUPPORTS_XR_DESIGNED_FOR_IPHONE_IPAD = YES;
				TARGETED_DEVICE_FAMILY = "1,2,3";
			};
			name = Debug;
		};
		6F8500738B73A57ADBBBB142 /* Debug */ = {
			isa = XCBuildConfiguration;
			buildSettings = {
				BUNDLE_LOADER = "$(TEST_HOST)";
				GENERATE_INFOPLIST_FILE = YES;
				LD_RUNPATH_SEARCH_PATHS = (
					"$(inherited)",
					"@executable_path/Frameworks",
					"@loader_path/Frameworks",
				);
				PRODUCT_BUNDLE_IDENTIFIER = com.johncorser.telly.tests;
				SDKROOT = auto;
				SUPPORTED_PLATFORMS = "iphoneos iphonesimulator appletvos appletvsimulator";
				SUPPORTS_MACCATALYST = NO;
				SUPPORTS_MAC_DESIGNED_FOR_IPHONE_IPAD = YES;
				SUPPORTS_XR_DESIGNED_FOR_IPHONE_IPAD = YES;
				TARGETED_DEVICE_FAMILY = "1,2,3";
				TEST_HOST = "$(BUILT_PRODUCTS_DIR)/Telly.app/Telly";
			};
			name = Debug;
		};
		89600BF0FE3CAA317ED9D39B /* Release */ = {
			isa = XCBuildConfiguration;
			buildSettings = {
				ASSETCATALOG_COMPILER_APPICON_NAME = AppIcon;
				CODE_SIGN_IDENTITY = "iPhone Developer";
				GENERATE_INFOPLIST_FILE = YES;
				INFOPLIST_KEY_CFBundleDisplayName = Telly;
				INFOPLIST_KEY_ITSAppUsesNonExemptEncryption = NO;
				INFOPLIST_KEY_LSApplicationCategoryType = "public.app-category.entertainment";
				INFOPLIST_KEY_UIApplicationSceneManifest_Generation = YES;
				INFOPLIST_KEY_UILaunchScreen_Generation = YES;
				LD_RUNPATH_SEARCH_PATHS = (
					"$(inherited)",
					"@executable_path/Frameworks",
				);
				PRODUCT_BUNDLE_IDENTIFIER = com.johncorser.telly;
				SDKROOT = auto;
				SUPPORTED_PLATFORMS = "iphoneos iphonesimulator appletvos appletvsimulator";
				SUPPORTS_MACCATALYST = NO;
				SUPPORTS_MAC_DESIGNED_FOR_IPHONE_IPAD = YES;
				SUPPORTS_XR_DESIGNED_FOR_IPHONE_IPAD = YES;
				TARGETED_DEVICE_FAMILY = "1,2,3";
			};
			name = Release;
		};
		ECF5D6138594B6F90A7B863A /* Debug */ = {
			isa = XCBuildConfiguration;
			buildSettings = {
				BUNDLE_LOADER = "$(TEST_HOST)";
				GENERATE_INFOPLIST_FILE = YES;
				LD_RUNPATH_SEARCH_PATHS = (
					"$(inherited)",
					"@executable_path/Frameworks",
					"@loader_path/Frameworks",
				);
				PRODUCT_BUNDLE_IDENTIFIER = com.johncorser.telly.uitests;
				SDKROOT = auto;
				SUPPORTED_PLATFORMS = "iphoneos iphonesimulator appletvos appletvsimulator";
				SUPPORTS_MACCATALYST = NO;
				SUPPORTS_MAC_DESIGNED_FOR_IPHONE_IPAD = YES;
				SUPPORTS_XR_DESIGNED_FOR_IPHONE_IPAD = YES;
				TARGETED_DEVICE_FAMILY = "1,2,3";
				TEST_TARGET_NAME = Telly;
			};
			name = Debug;
		};
/* End XCBuildConfiguration section */

/* Begin XCConfigurationList section */
		5BBD1F4E02FB8366F0AC34A1 /* Build configuration list for PBXNativeTarget "TellyUITests" */ = {
			isa = XCConfigurationList;
			buildConfigurations = (
				ECF5D6138594B6F90A7B863A /* Debug */,
				62CDD2007A6911CA66496C39 /* Release */,
			);
			defaultConfigurationIsVisible = 0;
			defaultConfigurationName = Debug;
		};
		730242A667C9D9ED83460F55 /* Build configuration list for PBXProject "Telly" */ = {
			isa = XCConfigurationList;
			buildConfigurations = (
				3C2410DD7506C78389316948 /* Debug */,
				55270CCC4D02932727C617A4 /* Release */,
			);
			defaultConfigurationIsVisible = 0;
			defaultConfigurationName = Debug;
		};
		7AF6406B338C25C7A15ADC71 /* Build configuration list for PBXNativeTarget "Telly" */ = {
			isa = XCConfigurationList;
			buildConfigurations = (
				6A7E372072EA06385F88A88C /* Debug */,
				89600BF0FE3CAA317ED9D39B /* Release */,
			);
			defaultConfigurationIsVisible = 0;
			defaultConfigurationName = Debug;
		};
		B8CD1A0453575DE3E155A17C /* Build configuration list for PBXNativeTarget "TellyTests" */ = {
			isa = XCConfigurationList;
			buildConfigurations = (
				6F8500738B73A57ADBBBB142 /* Debug */,
				42663A8B5653CFD0C81BD294 /* Release */,
			);
			defaultConfigurationIsVisible = 0;
			defaultConfigurationName = Debug;
		};
/* End XCConfigurationList section */

/* Begin XCRemoteSwiftPackageReference section */
		3DA72090F591B272C9AFC142 /* XCRemoteSwiftPackageReference "vlckit-spm" */ = {
			isa = XCRemoteSwiftPackageReference;
			repositoryURL = "https://github.com/tylerjonesio/vlckit-spm";
			requirement = {
				kind = upToNextMajorVersion;
				minimumVersion = 3.6.0;
			};
		};
		704F026E7219B1C1FD1085B2 /* XCRemoteSwiftPackageReference "SWCompression" */ = {
			isa = XCRemoteSwiftPackageReference;
			repositoryURL = "https://github.com/tsolomko/SWCompression";
			requirement = {
				kind = upToNextMajorVersion;
				minimumVersion = 4.9.1;
			};
		};
		80DDB9584C6BAA971A7747F7 /* XCRemoteSwiftPackageReference "GRDB.swift" */ = {
			isa = XCRemoteSwiftPackageReference;
			repositoryURL = "https://github.com/groue/GRDB.swift";
			requirement = {
				kind = upToNextMajorVersion;
				minimumVersion = 6.0.0;
			};
		};
/* End XCRemoteSwiftPackageReference section */

/* Begin XCSwiftPackageProductDependency section */
		26FF1BEB0FDDB1559EB47C2A /* GRDB */ = {
			isa = XCSwiftPackageProductDependency;
			package = 80DDB9584C6BAA971A7747F7 /* XCRemoteSwiftPackageReference "GRDB.swift" */;
			productName = GRDB;
		};
		6938A520720D3E3EB82CC0D8 /* SWCompression */ = {
			isa = XCSwiftPackageProductDependency;
			package = 704F026E7219B1C1FD1085B2 /* XCRemoteSwiftPackageReference "SWCompression" */;
			productName = SWCompression;
		};
		A1372D91A16ECE3B5EA3AB16 /* SWCompression */ = {
			isa = XCSwiftPackageProductDependency;
			package = 704F026E7219B1C1FD1085B2 /* XCRemoteSwiftPackageReference "SWCompression" */;
			productName = SWCompression;
		};
		B890B0A2D056106897E395D0 /* VLCKitSPM */ = {
			isa = XCSwiftPackageProductDependency;
			package = 3DA72090F591B272C9AFC142 /* XCRemoteSwiftPackageReference "vlckit-spm" */;
			productName = VLCKitSPM;
		};
		D529D436158D9F927352C874 /* GRDB */ = {
			isa = XCSwiftPackageProductDependency;
			package = 80DDB9584C6BAA971A7747F7 /* XCRemoteSwiftPackageReference "GRDB.swift" */;
			productName = GRDB;
		};
/* End XCSwiftPackageProductDependency section */
	};
	rootObject = 6BB3D7E225E884704BDADA1B /* Project object */;
}
