// !$*UTF8*$!
{
	archiveVersion = 1;
	classes = {
	};
	objectVersion = 77;
	objects = {

/* Begin PBXBuildFile section */
		10CCD9A096D40B5E0ED04928 /* PlayerEngine.swift in Sources */ = {isa = PBXBuildFile; fileRef = E9DEEC797F8FD8F217AF3A3F /* PlayerEngine.swift */; };
		7CDE7636B43ED305BE1A500A /* TellyApp.swift in Sources */ = {isa = PBXBuildFile; fileRef = EB1976ACB9C3233BD3A7E9AB /* TellyApp.swift */; };
		841A40CE93CA925A21570D1E /* Assets.xcassets in Resources */ = {isa = PBXBuildFile; fileRef = 4A5A8C96669009B439B3CCAD /* Assets.xcassets */; };
		FD886AE63B3A5190A4E5DF1A /* ContentView.swift in Sources */ = {isa = PBXBuildFile; fileRef = A8B22847E90EAFA3E38A3D74 /* ContentView.swift */; };
/* End PBXBuildFile section */

/* Begin PBXContainerItemProxy section */
		35797233883B7DC306687333 /* PBXContainerItemProxy */ = {
			isa = PBXContainerItemProxy;
			containerPortal = 6BB3D7E225E884704BDADA1B /* Project object */;
			proxyType = 1;
			remoteGlobalIDString = 774E8C4D69E8237D0DE98FCF;
			remoteInfo = Telly;
		};
		D39869008A1731DA1ACAF387 /* PBXContainerItemProxy */ = {
			isa = PBXContainerItemProxy;
			containerPortal = 6BB3D7E225E884704BDADA1B /* Project object */;
			proxyType = 1;
			remoteGlobalIDString = 774E8C4D69E8237D0DE98FCF;
			remoteInfo = Telly;
		};
/* End PBXContainerItemProxy section */

/* Begin PBXFileReference section */
		081CE4F3F308A626C04A4C68 /* TellyTests.xctest */ = {isa = PBXFileReference; includeInIndex = 0; lastKnownFileType = wrapper.cfbundle; path = TellyTests.xctest; sourceTree = BUILT_PRODUCTS_DIR; };
		2C73DE1BC748EB029A1DAAEE /* Telly.app */ = {isa = PBXFileReference; includeInIndex = 0; lastKnownFileType = wrapper.application; path = Telly.app; sourceTree = BUILT_PRODUCTS_DIR; };
		3C355744E958CD9D4670C063 /* TellyUITests.xctest */ = {isa = PBXFileReference; includeInIndex = 0; lastKnownFileType = wrapper.cfbundle; path = TellyUITests.xctest; sourceTree = BUILT_PRODUCTS_DIR; };
		4A5A8C96669009B439B3CCAD /* Assets.xcassets */ = {isa = PBXFileReference; lastKnownFileType = folder.assetcatalog; path = Assets.xcassets; sourceTree = "<group>"; };
		A8B22847E90EAFA3E38A3D74 /* ContentView.swift */ = {isa = PBXFileReference; lastKnownFileType = sourcecode.swift; path = ContentView.swift; sourceTree = "<group>"; };
		E9DEEC797F8FD8F217AF3A3F /* PlayerEngine.swift */ = {isa = PBXFileReference; lastKnownFileType = sourcecode.swift; path = PlayerEngine.swift; sourceTree = "<group>"; };
		EB1976ACB9C3233BD3A7E9AB /* TellyApp.swift */ = {isa = PBXFileReference; lastKnownFileType = sourcecode.swift; path = TellyApp.swift; sourceTree = "<group>"; };
/* End PBXFileReference section */

/* Begin PBXGroup section */
		0836AFCC054302597B44C075 /* Products */ = {
			isa = PBXGroup;
			children = (
				2C73DE1BC748EB029A1DAAEE /* Telly.app */,
				081CE4F3F308A626C04A4C68 /* TellyTests.xctest */,
				3C355744E958CD9D4670C063 /* TellyUITests.xctest */,
			);
			name = Products;
			sourceTree = "<group>";
		};
		0E78BC05E7E6325EC8C0CEA7 = {
			isa = PBXGroup;
			children = (
				D9A281733963804BA3D9A013 /* Features */,
				547D14DCBBB16DE7186057F7 /* Telly */,
				B37F4B1B978FCA81445CDD03 /* TellyTests */,
				9779673A5E1330C4DE101590 /* TellyUITests */,
				0836AFCC054302597B44C075 /* Products */,
			);
			sourceTree = "<group>";
		};
		547D14DCBBB16DE7186057F7 /* Telly */ = {
			isa = PBXGroup;
			children = (
				D71DC2628AAAADCB6B0621AD /* Player */,
				4A5A8C96669009B439B3CCAD /* Assets.xcassets */,
				A8B22847E90EAFA3E38A3D74 /* ContentView.swift */,
				EB1976ACB9C3233BD3A7E9AB /* TellyApp.swift */,
			);
			path = Telly;
			sourceTree = "<group>";
		};
		9779673A5E1330C4DE101590 /* TellyUITests */ = {
			isa = PBXGroup;
			children = (
			);
			path = TellyUITests;
			sourceTree = "<group>";
		};
		B37F4B1B978FCA81445CDD03 /* TellyTests */ = {
			isa = PBXGroup;
			children = (
			);
			path = TellyTests;
			sourceTree = "<group>";
		};
		D71DC2628AAAADCB6B0621AD /* Player */ = {
			isa = PBXGroup;
			children = (
				E9DEEC797F8FD8F217AF3A3F /* PlayerEngine.swift */,
			);
			path = Player;
			sourceTree = "<group>";
		};
		D9A281733963804BA3D9A013 /* Features */ = {
			isa = PBXGroup;
			children = (
			);
			path = Features;
			sourceTree = "<group>";
		};
/* End PBXGroup section */

/* Begin PBXNativeTarget section */
		18535603E2AC6C38D92CE6E6 /* TellyUITests */ = {
			isa = PBXNativeTarget;
			buildConfigurationList = 5BBD1F4E02FB8366F0AC34A1 /* Build configuration list for PBXNativeTarget "TellyUITests" */;
			buildPhases = (
				2FF7DAB9D00E48B019D9C91B /* Sources */,
			);
			buildRules = (
			);
			dependencies = (
				4076712C2A5406223CCC6D26 /* PBXTargetDependency */,
			);
			name = TellyUITests;
			packageProductDependencies = (
			);
			productName = TellyUITests;
			productReference = 3C355744E958CD9D4670C063 /* TellyUITests.xctest */;
			productType = "com.apple.product-type.bundle.ui-testing";
		};
		774E8C4D69E8237D0DE98FCF /* Telly */ = {
			isa = PBXNativeTarget;
			buildConfigurationList = 7AF6406B338C25C7A15ADC71 /* Build configuration list for PBXNativeTarget "Telly" */;
			buildPhases = (
				66812768B32B586550D25F73 /* Sources */,
				E079CAAE61B998EAE33674BC /* Resources */,
			);
			buildRules = (
			);
			dependencies = (
			);
			name = Telly;
			packageProductDependencies = (
			);
			productName = Telly;
			productReference = 2C73DE1BC748EB029A1DAAEE /* Telly.app */;
			productType = "com.apple.product-type.application";
		};
		8C5693EB1A67A103BA5E7B76 /* TellyTests */ = {
			isa = PBXNativeTarget;
			buildConfigurationList = B8CD1A0453575DE3E155A17C /* Build configuration list for PBXNativeTarget "TellyTests" */;
			buildPhases = (
				A090B5B39349FCDFE6D04270 /* Sources */,
			);
			buildRules = (
			);
			dependencies = (
				C188306985C8E73C642D6D86 /* PBXTargetDependency */,
			);
			name = TellyTests;
			packageProductDependencies = (
			);
			productName = TellyTests;
			productReference = 081CE4F3F308A626C04A4C68 /* TellyTests.xctest */;
			productType = "com.apple.product-type.bundle.unit-test";
		};
/* End PBXNativeTarget section */

/* Begin PBXProject section */
		6BB3D7E225E884704BDADA1B /* Project object */ = {
			isa = PBXProject;
			attributes = {
				BuildIndependentTargetsInParallel = YES;
				LastUpgradeCheck = 1430;
				TargetAttributes = {
					18535603E2AC6C38D92CE6E6 = {
						DevelopmentTeam = JW5SC3NYUV;
						ProvisioningStyle = Automatic;
						TestTargetID = 774E8C4D69E8237D0DE98FCF;
					};
					774E8C4D69E8237D0DE98FCF = {
						DevelopmentTeam = JW5SC3NYUV;
						ProvisioningStyle = Automatic;
					};
					8C5693EB1A67A103BA5E7B76 = {
						DevelopmentTeam = JW5SC3NYUV;
						ProvisioningStyle = Automatic;
					};
				};
			};
			buildConfigurationList = 730242A667C9D9ED83460F55 /* Build configuration list for PBXProject "Telly" */;
			developmentRegion = en;
			hasScannedForEncodings = 0;
			knownRegions = (
				Base,
				en,
			);
			mainGroup = 0E78BC05E7E6325EC8C0CEA7;
			minimizedProjectReferenceProxies = 1;
			preferredProjectObjectVersion = 77;
			productRefGroup = 0836AFCC054302597B44C075 /* Products */;
			projectDirPath = "";
			projectRoot = "";
			targets = (
				774E8C4D69E8237D0DE98FCF /* Telly */,
				8C5693EB1A67A103BA5E7B76 /* TellyTests */,
				18535603E2AC6C38D92CE6E6 /* TellyUITests */,
			);
		};
/* End PBXProject section */

/* Begin PBXResourcesBuildPhase section */
		E079CAAE61B998EAE33674BC /* Resources */ = {
			isa = PBXResourcesBuildPhase;
			buildActionMask = 2147483647;
			files = (
				841A40CE93CA925A21570D1E /* Assets.xcassets in Resources */,
			);
			runOnlyForDeploymentPostprocessing = 0;
		};
/* End PBXResourcesBuildPhase section */

/* Begin PBXSourcesBuildPhase section */
		2FF7DAB9D00E48B019D9C91B /* Sources */ = {
			isa = PBXSourcesBuildPhase;
			buildActionMask = 2147483647;
			files = (
			);
			runOnlyForDeploymentPostprocessing = 0;
		};
		66812768B32B586550D25F73 /* Sources */ = {
			isa = PBXSourcesBuildPhase;
			buildActionMask = 2147483647;
			files = (
				FD886AE63B3A5190A4E5DF1A /* ContentView.swift in Sources */,
				10CCD9A096D40B5E0ED04928 /* PlayerEngine.swift in Sources */,
				7CDE7636B43ED305BE1A500A /* TellyApp.swift in Sources */,
			);
			runOnlyForDeploymentPostprocessing = 0;
		};
		A090B5B39349FCDFE6D04270 /* Sources */ = {
			isa = PBXSourcesBuildPhase;
			buildActionMask = 2147483647;
			files = (
			);
			runOnlyForDeploymentPostprocessing = 0;
		};
/* End PBXSourcesBuildPhase section */

/* Begin PBXTargetDependency section */
		4076712C2A5406223CCC6D26 /* PBXTargetDependency */ = {
			isa = PBXTargetDependency;
			target = 774E8C4D69E8237D0DE98FCF /* Telly */;
			targetProxy = 35797233883B7DC306687333 /* PBXContainerItemProxy */;
		};
		C188306985C8E73C642D6D86 /* PBXTargetDependency */ = {
			isa = PBXTargetDependency;
			target = 774E8C4D69E8237D0DE98FCF /* Telly */;
			targetProxy = D39869008A1731DA1ACAF387 /* PBXContainerItemProxy */;
		};
/* End PBXTargetDependency section */

/* Begin XCBuildConfiguration section */
		3C2410DD7506C78389316948 /* Debug */ = {
			isa = XCBuildConfiguration;
			buildSettings = {
				ALWAYS_SEARCH_USER_PATHS = NO;
				CLANG_ANALYZER_NONNULL = YES;
				CLANG_ANALYZER_NUMBER_OBJECT_CONVERSION = YES_AGGRESSIVE;
				CLANG_CXX_LANGUAGE_STANDARD = "gnu++14";
				CLANG_CXX_LIBRARY = "libc++";
				CLANG_ENABLE_MODULES = YES;
				CLANG_ENABLE_OBJC_ARC = YES;
				CLANG_ENABLE_OBJC_WEAK = YES;
				CLANG_WARN_BLOCK_CAPTURE_AUTORELEASING = YES;
				CLANG_WARN_BOOL_CONVERSION = YES;
				CLANG_WARN_COMMA = YES;
				CLANG_WARN_CONSTANT_CONVERSION = YES;
				CLANG_WARN_DEPRECATED_OBJC_IMPLEMENTATIONS = YES;
				CLANG_WARN_DIRECT_OBJC_ISA_USAGE = YES_ERROR;
				CLANG_WARN_DOCUMENTATION_COMMENTS = YES;
				CLANG_WARN_EMPTY_BODY = YES;
				CLANG_WARN_ENUM_CONVERSION = YES;
				CLANG_WARN_INFINITE_RECURSION = YES;
				CLANG_WARN_INT_CONVERSION = YES;
				CLANG_WARN_NON_LITERAL_NULL_CONVERSION = YES;
				CLANG_WARN_OBJC_IMPLICIT_RETAIN_SELF = YES;
				CLANG_WARN_OBJC_LITERAL_CONVERSION = YES;
				CLANG_WARN_OBJC_ROOT_CLASS = YES_ERROR;
				CLANG_WARN_QUOTED_INCLUDE_IN_FRAMEWORK_HEADER = YES;
				CLANG_WARN_RANGE_LOOP_ANALYSIS = YES;
				CLANG_WARN_STRICT_PROTOTYPES = YES;
				CLANG_WARN_SUSPICIOUS_MOVE = YES;
				CLANG_WARN_UNGUARDED_AVAILABILITY = YES_AGGRESSIVE;
				CLANG_WARN_UNREACHABLE_CODE = YES;
				CLANG_WARN__DUPLICATE_METHOD_MATCH = YES;
				CODE_SIGN_STYLE = Automatic;
				COPY_PHASE_STRIP = NO;
				CURRENT_PROJECT_VERSION = 1;
				DEBUG_INFORMATION_FORMAT = dwarf;
				DEVELOPMENT_TEAM = JW5SC3NYUV;
				ENABLE_STRICT_OBJC_MSGSEND = YES;
				ENABLE_TESTABILITY = YES;
				GCC_C_LANGUAGE_STANDARD = gnu11;
				GCC_DYNAMIC_NO_PIC = NO;
				GCC_NO_COMMON_BLOCKS = YES;
				GCC_OPTIMIZATION_LEVEL = 0;
				GCC_PREPROCESSOR_DEFINITIONS = (
					"$(inherited)",
					"DEBUG=1",
				);
				GCC_WARN_64_TO_32_BIT_CONVERSION = YES;
				GCC_WARN_ABOUT_RETURN_TYPE = YES_ERROR;
				GCC_WARN_UNDECLARED_SELECTOR = YES;
				GCC_WARN_UNINITIALIZED_AUTOS = YES_AGGRESSIVE;
				GCC_WARN_UNUSED_FUNCTION = YES;
				GCC_WARN_UNUSED_VARIABLE = YES;
				IPHONEOS_DEPLOYMENT_TARGET = 18.0;
				MARKETING_VERSION = 0.1.0;
				MTL_ENABLE_DEBUG_INFO = INCLUDE_SOURCE;
				MTL_FAST_MATH = YES;
				ONLY_ACTIVE_ARCH = YES;
				PRODUCT_NAME = "$(TARGET_NAME)";
				SDKROOT = auto;
				SWIFT_ACTIVE_COMPILATION_CONDITIONS = DEBUG;
				SWIFT_OPTIMIZATION_LEVEL = "-Onone";
				SWIFT_VERSION = 5.0;
				TVOS_DEPLOYMENT_TARGET = 18.0;
			};
			name = Debug;
		};
		42663A8B5653CFD0C81BD294 /* Release */ = {
			isa = XCBuildConfiguration;
			buildSettings = {
				BUNDLE_LOADER = "$(TEST_HOST)";
				GENERATE_INFOPLIST_FILE = YES;
				LD_RUNPATH_SEARCH_PATHS = (
					"$(inherited)",
					"@executable_path/Frameworks",
					"@loader_path/Frameworks",
				);
				PRODUCT_BUNDLE_IDENTIFIER = com.johncorser.telly.tests;
				SDKROOT = auto;
				SUPPORTED_PLATFORMS = "iphoneos iphonesimulator appletvos appletvsimulator";
				SUPPORTS_MACCATALYST = NO;
				SUPPORTS_MAC_DESIGNED_FOR_IPHONE_IPAD = YES;
				SUPPORTS_XR_DESIGNED_FOR_IPHONE_IPAD = YES;
				TARGETED_DEVICE_FAMILY = "1,2,3";
				TEST_HOST = "$(BUILT_PRODUCTS_DIR)/Telly.app/Telly";
			};
			name = Release;
		};
		55270CCC4D02932727C617A4 /* Release */ = {
			isa = XCBuildConfiguration;
			buildSettings = {
				ALWAYS_SEARCH_USER_PATHS = NO;
				CLANG_ANALYZER_NONNULL = YES;
				CLANG_ANALYZER_NUMBER_OBJECT_CONVERSION = YES_AGGRESSIVE;
				CLANG_CXX_LANGUAGE_STANDARD = "gnu++14";
				CLANG_CXX_LIBRARY = "libc++";
				CLANG_ENABLE_MODULES = YES;
				CLANG_ENABLE_OBJC_ARC = YES;
				CLANG_ENABLE_OBJC_WEAK = YES;
				CLANG_WARN_BLOCK_CAPTURE_AUTORELEASING = YES;
				CLANG_WARN_BOOL_CONVERSION = YES;
				CLANG_WARN_COMMA = YES;
				CLANG_WARN_CONSTANT_CONVERSION = YES;
				CLANG_WARN_DEPRECATED_OBJC_IMPLEMENTATIONS = YES;
				CLANG_WARN_DIRECT_OBJC_ISA_USAGE = YES_ERROR;
				CLANG_WARN_DOCUMENTATION_COMMENTS = YES;
				CLANG_WARN_EMPTY_BODY = YES;
				CLANG_WARN_ENUM_CONVERSION = YES;
				CLANG_WARN_INFINITE_RECURSION = YES;
				CLANG_WARN_INT_CONVERSION = YES;
				CLANG_WARN_NON_LITERAL_NULL_CONVERSION = YES;
				CLANG_WARN_OBJC_IMPLICIT_RETAIN_SELF = YES;
				CLANG_WARN_OBJC_LITERAL_CONVERSION = YES;
				CLANG_WARN_OBJC_ROOT_CLASS = YES_ERROR;
				CLANG_WARN_QUOTED_INCLUDE_IN_FRAMEWORK_HEADER = YES;
				CLANG_WARN_RANGE_LOOP_ANALYSIS = YES;
				CLANG_WARN_STRICT_PROTOTYPES = YES;
				CLANG_WARN_SUSPICIOUS_MOVE = YES;
				CLANG_WARN_UNGUARDED_AVAILABILITY = YES_AGGRESSIVE;
				CLANG_WARN_UNREACHABLE_CODE = YES;
				CLANG_WARN__DUPLICATE_METHOD_MATCH = YES;
				CODE_SIGN_STYLE = Automatic;
				COPY_PHASE_STRIP = NO;
				CURRENT_PROJECT_VERSION = 1;
				DEBUG_INFORMATION_FORMAT = "dwarf-with-dsym";
				DEVELOPMENT_TEAM = JW5SC3NYUV;
				ENABLE_NS_ASSERTIONS = NO;
				ENABLE_STRICT_OBJC_MSGSEND = YES;
				GCC_C_LANGUAGE_STANDARD = gnu11;
				GCC_NO_COMMON_BLOCKS = YES;
				GCC_WARN_64_TO_32_BIT_CONVERSION = YES;
				GCC_WARN_ABOUT_RETURN_TYPE = YES_ERROR;
				GCC_WARN_UNDECLARED_SELECTOR = YES;
				GCC_WARN_UNINITIALIZED_AUTOS = YES_AGGRESSIVE;
				GCC_WARN_UNUSED_FUNCTION = YES;
				GCC_WARN_UNUSED_VARIABLE = YES;
				IPHONEOS_DEPLOYMENT_TARGET = 18.0;
				MARKETING_VERSION = 0.1.0;
				MTL_ENABLE_DEBUG_INFO = NO;
				MTL_FAST_MATH = YES;
				PRODUCT_NAME = "$(TARGET_NAME)";
				SDKROOT = auto;
				SWIFT_COMPILATION_MODE = wholemodule;
				SWIFT_OPTIMIZATION_LEVEL = "-O";
				SWIFT_VERSION = 5.0;
				TVOS_DEPLOYMENT_TARGET = 18.0;
			};
			name = Release;
		};
		62CDD2007A6911CA66496C39 /* Release */ = {
			isa = XCBuildConfiguration;
			buildSettings = {
				BUNDLE_LOADER = "$(TEST_HOST)";
				GENERATE_INFOPLIST_FILE = YES;
				LD_RUNPATH_SEARCH_PATHS = (
					"$(inherited)",
					"@executable_path/Frameworks",
					"@loader_path/Frameworks",
				);
				PRODUCT_BUNDLE_IDENTIFIER = com.johncorser.telly.uitests;
				SDKROOT = auto;
				SUPPORTED_PLATFORMS = "iphoneos iphonesimulator appletvos appletvsimulator";
				SUPPORTS_MACCATALYST = NO;
				SUPPORTS_MAC_DESIGNED_FOR_IPHONE_IPAD = YES;
				SUPPORTS_XR_DESIGNED_FOR_IPHONE_IPAD = YES;
				TARGETED_DEVICE_FAMILY = "1,2,3";
				TEST_TARGET_NAME = Telly;
			};
			name = Release;
		};
		6A7E372072EA06385F88A88C /* Debug */ = {
			isa = XCBuildConfiguration;
			buildSettings = {
				ASSETCATALOG_COMPILER_APPICON_NAME = AppIcon;
				CODE_SIGN_IDENTITY = "iPhone Developer";
				GENERATE_INFOPLIST_FILE = YES;
				INFOPLIST_KEY_CFBundleDisplayName = Telly;
				INFOPLIST_KEY_ITSAppUsesNonExemptEncryption = NO;
				INFOPLIST_KEY_LSApplicationCategoryType = "public.app-category.entertainment";
				INFOPLIST_KEY_UIApplicationSceneManifest_Generation = YES;
				INFOPLIST_KEY_UILaunchScreen_Generation = YES;
				LD_RUNPATH_SEARCH_PATHS = (
					"$(inherited)",
					"@executable_path/Frameworks",
				);
				PRODUCT_BUNDLE_IDENTIFIER = com.johncorser.telly;
				SDKROOT = auto;
				SUPPORTED_PLATFORMS = "iphoneos iphonesimulator appletvos appletvsimulator";
				SUPPORTS_MACCATALYST = NO;
				SUPPORTS_MAC_DESIGNED_FOR_IPHONE_IPAD = YES;
				SUPPORTS_XR_DESIGNED_FOR_IPHONE_IPAD = YES;
				TARGETED_DEVICE_FAMILY = "1,2,3";
			};
			name = Debug;
		};
		6F8500738B73A57ADBBBB142 /* Debug */ = {
			isa = XCBuildConfiguration;
			buildSettings = {
				BUNDLE_LOADER = "$(TEST_HOST)";
				GENERATE_INFOPLIST_FILE = YES;
				LD_RUNPATH_SEARCH_PATHS = (
					"$(inherited)",
					"@executable_path/Frameworks",
					"@loader_path/Frameworks",
				);
				PRODUCT_BUNDLE_IDENTIFIER = com.johncorser.telly.tests;
				SDKROOT = auto;
				SUPPORTED_PLATFORMS = "iphoneos iphonesimulator appletvos appletvsimulator";
				SUPPORTS_MACCATALYST = NO;
				SUPPORTS_MAC_DESIGNED_FOR_IPHONE_IPAD = YES;
				SUPPORTS_XR_DESIGNED_FOR_IPHONE_IPAD = YES;
				TARGETED_DEVICE_FAMILY = "1,2,3";
				TEST_HOST = "$(BUILT_PRODUCTS_DIR)/Telly.app/Telly";
			};
			name = Debug;
		};
		89600BF0FE3CAA317ED9D39B /* Release */ = {
			isa = XCBuildConfiguration;
			buildSettings = {
				ASSETCATALOG_COMPILER_APPICON_NAME = AppIcon;
				CODE_SIGN_IDENTITY = "iPhone Developer";
				GENERATE_INFOPLIST_FILE = YES;
				INFOPLIST_KEY_CFBundleDisplayName = Telly;
				INFOPLIST_KEY_ITSAppUsesNonExemptEncryption = NO;
				INFOPLIST_KEY_LSApplicationCategoryType = "public.app-category.entertainment";
				INFOPLIST_KEY_UIApplicationSceneManifest_Generation = YES;
				INFOPLIST_KEY_UILaunchScreen_Generation = YES;
				LD_RUNPATH_SEARCH_PATHS = (
					"$(inherited)",
					"@executable_path/Frameworks",
				);
				PRODUCT_BUNDLE_IDENTIFIER = com.johncorser.telly;
				SDKROOT = auto;
				SUPPORTED_PLATFORMS = "iphoneos iphonesimulator appletvos appletvsimulator";
				SUPPORTS_MACCATALYST = NO;
				SUPPORTS_MAC_DESIGNED_FOR_IPHONE_IPAD = YES;
				SUPPORTS_XR_DESIGNED_FOR_IPHONE_IPAD = YES;
				TARGETED_DEVICE_FAMILY = "1,2,3";
			};
			name = Release;
		};
		ECF5D6138594B6F90A7B863A /* Debug */ = {
			isa = XCBuildConfiguration;
			buildSettings = {
				BUNDLE_LOADER = "$(TEST_HOST)";
				GENERATE_INFOPLIST_FILE = YES;
				LD_RUNPATH_SEARCH_PATHS = (
					"$(inherited)",
					"@executable_path/Frameworks",
					"@loader_path/Frameworks",
				);
				PRODUCT_BUNDLE_IDENTIFIER = com.johncorser.telly.uitests;
				SDKROOT = auto;
				SUPPORTED_PLATFORMS = "iphoneos iphonesimulator appletvos appletvsimulator";
				SUPPORTS_MACCATALYST = NO;
				SUPPORTS_MAC_DESIGNED_FOR_IPHONE_IPAD = YES;
				SUPPORTS_XR_DESIGNED_FOR_IPHONE_IPAD = YES;
				TARGETED_DEVICE_FAMILY = "1,2,3";
				TEST_TARGET_NAME = Telly;
			};
			name = Debug;
		};
/* End XCBuildConfiguration section */

/* Begin XCConfigurationList section */
		5BBD1F4E02FB8366F0AC34A1 /* Build configuration list for PBXNativeTarget "TellyUITests" */ = {
			isa = XCConfigurationList;
			buildConfigurations = (
				ECF5D6138594B6F90A7B863A /* Debug */,
				62CDD2007A6911CA66496C39 /* Release */,
			);
			defaultConfigurationIsVisible = 0;
			defaultConfigurationName = Debug;
		};
		730242A667C9D9ED83460F55 /* Build configuration list for PBXProject "Telly" */ = {
			isa = XCConfigurationList;
			buildConfigurations = (
				3C2410DD7506C78389316948 /* Debug */,
				55270CCC4D02932727C617A4 /* Release */,
			);
			defaultConfigurationIsVisible = 0;
			defaultConfigurationName = Debug;
		};
		7AF6406B338C25C7A15ADC71 /* Build configuration list for PBXNativeTarget "Telly" */ = {
			isa = XCConfigurationList;
			buildConfigurations = (
				6A7E372072EA06385F88A88C /* Debug */,
				89600BF0FE3CAA317ED9D39B /* Release */,
			);
			defaultConfigurationIsVisible = 0;
			defaultConfigurationName = Debug;
		};
		B8CD1A0453575DE3E155A17C /* Build configuration list for PBXNativeTarget "TellyTests" */ = {
			isa = XCConfigurationList;
			buildConfigurations = (
				6F8500738B73A57ADBBBB142 /* Debug */,
				42663A8B5653CFD0C81BD294 /* Release */,
			);
			defaultConfigurationIsVisible = 0;
			defaultConfigurationName = Debug;
		};
/* End XCConfigurationList section */
	};
	rootObject = 6BB3D7E225E884704BDADA1B /* Project object */;
}
