// !$*UTF8*$!
{
	archiveVersion = 1;
	classes = {
	};
	objectVersion = 77;
	objects = {

/* Begin PBXBuildFile section */
		0C4635D986E8377B2CAD2242 /* M3uParserTests.swift in Sources */ = {isa = PBXBuildFile; fileRef = 3AC312A869B806A4BDF2B25A /* M3uParserTests.swift */; };
		1B1DB27D733CF47E31CD33D4 /* StepRegistry.swift in Sources */ = {isa = PBXBuildFile; fileRef = 66CF0343E127E1F17FBEE8E6 /* StepRegistry.swift */; };
		26597D957B6FB9D14691692A /* AcceptanceTests.generated.swift in Sources */ = {isa = PBXBuildFile; fileRef = 030A43B5DACCF03D16F744EA /* AcceptanceTests.generated.swift */; };
		2D0CF1B8BB79FE37480115CD /* XmltvTimestamp.swift in Sources */ = {isa = PBXBuildFile; fileRef = 2AC541AF5A8B8B8429031427 /* XmltvTimestamp.swift */; };
		2DB94E5C3639BBE59EA67920 /* XmltvTimestampTests.swift in Sources */ = {isa = PBXBuildFile; fileRef = 11189EA374DEF56C0C3B2067 /* XmltvTimestampTests.swift */; };
		34AFA192FF5B6E7AF085C277 /* StepDefinitions.swift in Sources */ = {isa = PBXBuildFile; fileRef = 9C95120BFE019A26B97DF4FC /* StepDefinitions.swift */; };
		351CD8FAA8115430788B47FA /* onboarding.feature in Resources */ = {isa = PBXBuildFile; fileRef = F90A4D44A48A124479BF7170 /* onboarding.feature */; };
		39F5AD4531A880CD005EAE52 /* NowNextResolverTests.swift in Sources */ = {isa = PBXBuildFile; fileRef = 8A09C246172AFD578849E1D3 /* NowNextResolverTests.swift */; };
		3DB1295E43736FFC953773B1 /* M3uParser.swift in Sources */ = {isa = PBXBuildFile; fileRef = E73B7301D50C245AB98680F7 /* M3uParser.swift */; };
		468AEAB4FE7257D65A79038E /* XmltvTypes.swift in Sources */ = {isa = PBXBuildFile; fileRef = 911911F5CB370C8AD142854F /* XmltvTypes.swift */; };
		4AD876CA4543793471FC4142 /* AcceptanceTests.swift in Sources */ = {isa = PBXBuildFile; fileRef = 8E2DC4D6F058AC249787519D /* AcceptanceTests.swift */; };
		4F1BF8F530441CE2BA1291A0 /* XmltvEpisodeNum.swift in Sources */ = {isa = PBXBuildFile; fileRef = FEA71F38E7ADF72CEB475D5A /* XmltvEpisodeNum.swift */; };
		625AF02BB79E7FE3D13F180A /* XmltvParserDelegate.swift in Sources */ = {isa = PBXBuildFile; fileRef = 9C96E3A740AA59FE5E94A9CF /* XmltvParserDelegate.swift */; };
		66CFF187D80F0DF9242A8EBF /* GherkinParser.swift in Sources */ = {isa = PBXBuildFile; fileRef = 3F31789076E7F4E06D0340FF /* GherkinParser.swift */; };
		6A2F402410E34CFA2EFF487C /* XmltvElementReader.swift in Sources */ = {isa = PBXBuildFile; fileRef = B64D1227BBE1557C1D3C5311 /* XmltvElementReader.swift */; };
		7A69B567FC802B74841531DB /* XmltvParser.swift in Sources */ = {isa = PBXBuildFile; fileRef = 0376B2E232DEAE15C2DCEF69 /* XmltvParser.swift */; };
		7CDE7636B43ED305BE1A500A /* TellyApp.swift in Sources */ = {isa = PBXBuildFile; fileRef = EB1976ACB9C3233BD3A7E9AB /* TellyApp.swift */; };
		80314401F98FDCA158A1FF7D /* NowNext.swift in Sources */ = {isa = PBXBuildFile; fileRef = AFE592895ECE19026B765DD5 /* NowNext.swift */; };
		841A40CE93CA925A21570D1E /* Assets.xcassets in Resources */ = {isa = PBXBuildFile; fileRef = 4A5A8C96669009B439B3CCAD /* Assets.xcassets */; };
		DF124DD1E7EB5AC3AC11FEF4 /* M3uModels.swift in Sources */ = {isa = PBXBuildFile; fileRef = 4DFA418FED683F1A3C08B547 /* M3uModels.swift */; };
		F0DD40297E96DE33816EB2AF /* XmltvParserTests.swift in Sources */ = {isa = PBXBuildFile; fileRef = 7A631A01CB4753E2E28B24F4 /* XmltvParserTests.swift */; };
		FD886AE63B3A5190A4E5DF1A /* ContentView.swift in Sources */ = {isa = PBXBuildFile; fileRef = A8B22847E90EAFA3E38A3D74 /* ContentView.swift */; };
/* End PBXBuildFile section */

/* Begin PBXContainerItemProxy section */
		35797233883B7DC306687333 /* PBXContainerItemProxy */ = {
			isa = PBXContainerItemProxy;
			containerPortal = 6BB3D7E225E884704BDADA1B /* Project object */;
			proxyType = 1;
			remoteGlobalIDString = 774E8C4D69E8237D0DE98FCF;
			remoteInfo = Telly;
		};
		D39869008A1731DA1ACAF387 /* PBXContainerItemProxy */ = {
			isa = PBXContainerItemProxy;
			containerPortal = 6BB3D7E225E884704BDADA1B /* Project object */;
			proxyType = 1;
			remoteGlobalIDString = 774E8C4D69E8237D0DE98FCF;
			remoteInfo = Telly;
		};
/* End PBXContainerItemProxy section */

/* Begin PBXFileReference section */
		030A43B5DACCF03D16F744EA /* AcceptanceTests.generated.swift */ = {isa = PBXFileReference; lastKnownFileType = sourcecode.swift; path = AcceptanceTests.generated.swift; sourceTree = "<group>"; };
		0376B2E232DEAE15C2DCEF69 /* XmltvParser.swift */ = {isa = PBXFileReference; lastKnownFileType = sourcecode.swift; path = XmltvParser.swift; sourceTree = "<group>"; };
		081CE4F3F308A626C04A4C68 /* TellyTests.xctest */ = {isa = PBXFileReference; includeInIndex = 0; lastKnownFileType = wrapper.cfbundle; path = TellyTests.xctest; sourceTree = BUILT_PRODUCTS_DIR; };
		11189EA374DEF56C0C3B2067 /* XmltvTimestampTests.swift */ = {isa = PBXFileReference; lastKnownFileType = sourcecode.swift; path = XmltvTimestampTests.swift; sourceTree = "<group>"; };
		2AC541AF5A8B8B8429031427 /* XmltvTimestamp.swift */ = {isa = PBXFileReference; lastKnownFileType = sourcecode.swift; path = XmltvTimestamp.swift; sourceTree = "<group>"; };
		2C73DE1BC748EB029A1DAAEE /* Telly.app */ = {isa = PBXFileReference; includeInIndex = 0; lastKnownFileType = wrapper.application; path = Telly.app; sourceTree = BUILT_PRODUCTS_DIR; };
		3AC312A869B806A4BDF2B25A /* M3uParserTests.swift */ = {isa = PBXFileReference; lastKnownFileType = sourcecode.swift; path = M3uParserTests.swift; sourceTree = "<group>"; };
		3C355744E958CD9D4670C063 /* TellyUITests.xctest */ = {isa = PBXFileReference; includeInIndex = 0; lastKnownFileType = wrapper.cfbundle; path = TellyUITests.xctest; sourceTree = BUILT_PRODUCTS_DIR; };
		3F31789076E7F4E06D0340FF /* GherkinParser.swift */ = {isa = PBXFileReference; lastKnownFileType = sourcecode.swift; path = GherkinParser.swift; sourceTree = "<group>"; };
		4A5A8C96669009B439B3CCAD /* Assets.xcassets */ = {isa = PBXFileReference; lastKnownFileType = folder.assetcatalog; path = Assets.xcassets; sourceTree = "<group>"; };
		4DFA418FED683F1A3C08B547 /* M3uModels.swift */ = {isa = PBXFileReference; lastKnownFileType = sourcecode.swift; path = M3uModels.swift; sourceTree = "<group>"; };
		66CF0343E127E1F17FBEE8E6 /* StepRegistry.swift */ = {isa = PBXFileReference; lastKnownFileType = sourcecode.swift; path = StepRegistry.swift; sourceTree = "<group>"; };
		7A631A01CB4753E2E28B24F4 /* XmltvParserTests.swift */ = {isa = PBXFileReference; lastKnownFileType = sourcecode.swift; path = XmltvParserTests.swift; sourceTree = "<group>"; };
		8A09C246172AFD578849E1D3 /* NowNextResolverTests.swift */ = {isa = PBXFileReference; lastKnownFileType = sourcecode.swift; path = NowNextResolverTests.swift; sourceTree = "<group>"; };
		8E2DC4D6F058AC249787519D /* AcceptanceTests.swift */ = {isa = PBXFileReference; lastKnownFileType = sourcecode.swift; path = AcceptanceTests.swift; sourceTree = "<group>"; };
		911911F5CB370C8AD142854F /* XmltvTypes.swift */ = {isa = PBXFileReference; lastKnownFileType = sourcecode.swift; path = XmltvTypes.swift; sourceTree = "<group>"; };
		9C95120BFE019A26B97DF4FC /* StepDefinitions.swift */ = {isa = PBXFileReference; lastKnownFileType = sourcecode.swift; path = StepDefinitions.swift; sourceTree = "<group>"; };
		9C96E3A740AA59FE5E94A9CF /* XmltvParserDelegate.swift */ = {isa = PBXFileReference; lastKnownFileType = sourcecode.swift; path = XmltvParserDelegate.swift; sourceTree = "<group>"; };
		A8B22847E90EAFA3E38A3D74 /* ContentView.swift */ = {isa = PBXFileReference; lastKnownFileType = sourcecode.swift; path = ContentView.swift; sourceTree = "<group>"; };
		AFE592895ECE19026B765DD5 /* NowNext.swift */ = {isa = PBXFileReference; lastKnownFileType = sourcecode.swift; path = NowNext.swift; sourceTree = "<group>"; };
		B64D1227BBE1557C1D3C5311 /* XmltvElementReader.swift */ = {isa = PBXFileReference; lastKnownFileType = sourcecode.swift; path = XmltvElementReader.swift; sourceTree = "<group>"; };
		E73B7301D50C245AB98680F7 /* M3uParser.swift */ = {isa = PBXFileReference; lastKnownFileType = sourcecode.swift; path = M3uParser.swift; sourceTree = "<group>"; };
		EB1976ACB9C3233BD3A7E9AB /* TellyApp.swift */ = {isa = PBXFileReference; lastKnownFileType = sourcecode.swift; path = TellyApp.swift; sourceTree = "<group>"; };
		F90A4D44A48A124479BF7170 /* onboarding.feature */ = {isa = PBXFileReference; path = onboarding.feature; sourceTree = "<group>"; };
		FEA71F38E7ADF72CEB475D5A /* XmltvEpisodeNum.swift */ = {isa = PBXFileReference; lastKnownFileType = sourcecode.swift; path = XmltvEpisodeNum.swift; sourceTree = "<group>"; };
/* End PBXFileReference section */

/* Begin PBXGroup section */
		0836AFCC054302597B44C075 /* Products */ = {
			isa = PBXGroup;
			children = (
				2C73DE1BC748EB029A1DAAEE /* Telly.app */,
				081CE4F3F308A626C04A4C68 /* TellyTests.xctest */,
				3C355744E958CD9D4670C063 /* TellyUITests.xctest */,
			);
			name = Products;
			sourceTree = "<group>";
		};
		0E78BC05E7E6325EC8C0CEA7 = {
			isa = PBXGroup;
			children = (
				547D14DCBBB16DE7186057F7 /* Telly */,
				B37F4B1B978FCA81445CDD03 /* TellyTests */,
				9779673A5E1330C4DE101590 /* TellyUITests */,
				0836AFCC054302597B44C075 /* Products */,
			);
			sourceTree = "<group>";
		};
		547D14DCBBB16DE7186057F7 /* Telly */ = {
			isa = PBXGroup;
			children = (
				B59D10F5E95B98458DE192B2 /* Epg */,
				96E6AC0FE7474F2765CC1496 /* Playlist */,
				4A5A8C96669009B439B3CCAD /* Assets.xcassets */,
				A8B22847E90EAFA3E38A3D74 /* ContentView.swift */,
				EB1976ACB9C3233BD3A7E9AB /* TellyApp.swift */,
			);
			path = Telly;
			sourceTree = "<group>";
		};
		96E6AC0FE7474F2765CC1496 /* Playlist */ = {
			isa = PBXGroup;
			children = (
				4DFA418FED683F1A3C08B547 /* M3uModels.swift */,
				E73B7301D50C245AB98680F7 /* M3uParser.swift */,
			);
			path = Playlist;
			sourceTree = "<group>";
		};
		9779673A5E1330C4DE101590 /* TellyUITests */ = {
			isa = PBXGroup;
			children = (
				C78CF21776941B32837624EC /* Features */,
				030A43B5DACCF03D16F744EA /* AcceptanceTests.generated.swift */,
				8E2DC4D6F058AC249787519D /* AcceptanceTests.swift */,
				3F31789076E7F4E06D0340FF /* GherkinParser.swift */,
				9C95120BFE019A26B97DF4FC /* StepDefinitions.swift */,
				66CF0343E127E1F17FBEE8E6 /* StepRegistry.swift */,
			);
			path = TellyUITests;
			sourceTree = "<group>";
		};
		B37F4B1B978FCA81445CDD03 /* TellyTests */ = {
			isa = PBXGroup;
			children = (
				3AC312A869B806A4BDF2B25A /* M3uParserTests.swift */,
				8A09C246172AFD578849E1D3 /* NowNextResolverTests.swift */,
				7A631A01CB4753E2E28B24F4 /* XmltvParserTests.swift */,
				11189EA374DEF56C0C3B2067 /* XmltvTimestampTests.swift */,
			);
			path = TellyTests;
			sourceTree = "<group>";
		};
		B59D10F5E95B98458DE192B2 /* Epg */ = {
			isa = PBXGroup;
			children = (
				AFE592895ECE19026B765DD5 /* NowNext.swift */,
				B64D1227BBE1557C1D3C5311 /* XmltvElementReader.swift */,
				FEA71F38E7ADF72CEB475D5A /* XmltvEpisodeNum.swift */,
				0376B2E232DEAE15C2DCEF69 /* XmltvParser.swift */,
				9C96E3A740AA59FE5E94A9CF /* XmltvParserDelegate.swift */,
				2AC541AF5A8B8B8429031427 /* XmltvTimestamp.swift */,
				911911F5CB370C8AD142854F /* XmltvTypes.swift */,
			);
			path = Epg;
			sourceTree = "<group>";
		};
		C78CF21776941B32837624EC /* Features */ = {
			isa = PBXGroup;
			children = (
				F90A4D44A48A124479BF7170 /* onboarding.feature */,
			);
			path = Features;
			sourceTree = "<group>";
		};
/* End PBXGroup section */

/* Begin PBXNativeTarget section */
		18535603E2AC6C38D92CE6E6 /* TellyUITests */ = {
			isa = PBXNativeTarget;
			buildConfigurationList = 5BBD1F4E02FB8366F0AC34A1 /* Build configuration list for PBXNativeTarget "TellyUITests" */;
			buildPhases = (
				2FF7DAB9D00E48B019D9C91B /* Sources */,
				C9CE0D8051CD59BE1471A62E /* Resources */,
			);
			buildRules = (
			);
			dependencies = (
				4076712C2A5406223CCC6D26 /* PBXTargetDependency */,
			);
			name = TellyUITests;
			packageProductDependencies = (
			);
			productName = TellyUITests;
			productReference = 3C355744E958CD9D4670C063 /* TellyUITests.xctest */;
			productType = "com.apple.product-type.bundle.ui-testing";
		};
		774E8C4D69E8237D0DE98FCF /* Telly */ = {
			isa = PBXNativeTarget;
			buildConfigurationList = 7AF6406B338C25C7A15ADC71 /* Build configuration list for PBXNativeTarget "Telly" */;
			buildPhases = (
				66812768B32B586550D25F73 /* Sources */,
				E079CAAE61B998EAE33674BC /* Resources */,
			);
			buildRules = (
			);
			dependencies = (
			);
			name = Telly;
			packageProductDependencies = (
			);
			productName = Telly;
			productReference = 2C73DE1BC748EB029A1DAAEE /* Telly.app */;
			productType = "com.apple.product-type.application";
		};
		8C5693EB1A67A103BA5E7B76 /* TellyTests */ = {
			isa = PBXNativeTarget;
			buildConfigurationList = B8CD1A0453575DE3E155A17C /* Build configuration list for PBXNativeTarget "TellyTests" */;
			buildPhases = (
				A090B5B39349FCDFE6D04270 /* Sources */,
			);
			buildRules = (
			);
			dependencies = (
				C188306985C8E73C642D6D86 /* PBXTargetDependency */,
			);
			name = TellyTests;
			packageProductDependencies = (
			);
			productName = TellyTests;
			productReference = 081CE4F3F308A626C04A4C68 /* TellyTests.xctest */;
			productType = "com.apple.product-type.bundle.unit-test";
		};
/* End PBXNativeTarget section */

/* Begin PBXProject section */
		6BB3D7E225E884704BDADA1B /* Project object */ = {
			isa = PBXProject;
			attributes = {
				BuildIndependentTargetsInParallel = YES;
				LastUpgradeCheck = 1430;
				TargetAttributes = {
					18535603E2AC6C38D92CE6E6 = {
						DevelopmentTeam = JW5SC3NYUV;
						ProvisioningStyle = Automatic;
						TestTargetID = 774E8C4D69E8237D0DE98FCF;
					};
					774E8C4D69E8237D0DE98FCF = {
						DevelopmentTeam = JW5SC3NYUV;
						ProvisioningStyle = Automatic;
					};
					8C5693EB1A67A103BA5E7B76 = {
						DevelopmentTeam = JW5SC3NYUV;
						ProvisioningStyle = Automatic;
					};
				};
			};
			buildConfigurationList = 730242A667C9D9ED83460F55 /* Build configuration list for PBXProject "Telly" */;
			developmentRegion = en;
			hasScannedForEncodings = 0;
			knownRegions = (
				Base,
				en,
			);
			mainGroup = 0E78BC05E7E6325EC8C0CEA7;
			minimizedProjectReferenceProxies = 1;
			preferredProjectObjectVersion = 77;
			productRefGroup = 0836AFCC054302597B44C075 /* Products */;
			projectDirPath = "";
			projectRoot = "";
			targets = (
				774E8C4D69E8237D0DE98FCF /* Telly */,
				8C5693EB1A67A103BA5E7B76 /* TellyTests */,
				18535603E2AC6C38D92CE6E6 /* TellyUITests */,
			);
		};
/* End PBXProject section */

/* Begin PBXResourcesBuildPhase section */
		C9CE0D8051CD59BE1471A62E /* Resources */ = {
			isa = PBXResourcesBuildPhase;
			buildActionMask = 2147483647;
			files = (
				351CD8FAA8115430788B47FA /* onboarding.feature in Resources */,
			);
			runOnlyForDeploymentPostprocessing = 0;
		};
		E079CAAE61B998EAE33674BC /* Resources */ = {
			isa = PBXResourcesBuildPhase;
			buildActionMask = 2147483647;
			files = (
				841A40CE93CA925A21570D1E /* Assets.xcassets in Resources */,
			);
			runOnlyForDeploymentPostprocessing = 0;
		};
/* End PBXResourcesBuildPhase section */

/* Begin PBXSourcesBuildPhase section */
		2FF7DAB9D00E48B019D9C91B /* Sources */ = {
			isa = PBXSourcesBuildPhase;
			buildActionMask = 2147483647;
			files = (
				26597D957B6FB9D14691692A /* AcceptanceTests.generated.swift in Sources */,
				4AD876CA4543793471FC4142 /* AcceptanceTests.swift in Sources */,
				66CFF187D80F0DF9242A8EBF /* GherkinParser.swift in Sources */,
				34AFA192FF5B6E7AF085C277 /* StepDefinitions.swift in Sources */,
				1B1DB27D733CF47E31CD33D4 /* StepRegistry.swift in Sources */,
			);
			runOnlyForDeploymentPostprocessing = 0;
		};
		66812768B32B586550D25F73 /* Sources */ = {
			isa = PBXSourcesBuildPhase;
			buildActionMask = 2147483647;
			files = (
				FD886AE63B3A5190A4E5DF1A /* ContentView.swift in Sources */,
				DF124DD1E7EB5AC3AC11FEF4 /* M3uModels.swift in Sources */,
				3DB1295E43736FFC953773B1 /* M3uParser.swift in Sources */,
				80314401F98FDCA158A1FF7D /* NowNext.swift in Sources */,
				7CDE7636B43ED305BE1A500A /* TellyApp.swift in Sources */,
				6A2F402410E34CFA2EFF487C /* XmltvElementReader.swift in Sources */,
				4F1BF8F530441CE2BA1291A0 /* XmltvEpisodeNum.swift in Sources */,
				7A69B567FC802B74841531DB /* XmltvParser.swift in Sources */,
				625AF02BB79E7FE3D13F180A /* XmltvParserDelegate.swift in Sources */,
				2D0CF1B8BB79FE37480115CD /* XmltvTimestamp.swift in Sources */,
				468AEAB4FE7257D65A79038E /* XmltvTypes.swift in Sources */,
			);
			runOnlyForDeploymentPostprocessing = 0;
		};
		A090B5B39349FCDFE6D04270 /* Sources */ = {
			isa = PBXSourcesBuildPhase;
			buildActionMask = 2147483647;
			files = (
				0C4635D986E8377B2CAD2242 /* M3uParserTests.swift in Sources */,
				39F5AD4531A880CD005EAE52 /* NowNextResolverTests.swift in Sources */,
				F0DD40297E96DE33816EB2AF /* XmltvParserTests.swift in Sources */,
				2DB94E5C3639BBE59EA67920 /* XmltvTimestampTests.swift in Sources */,
			);
			runOnlyForDeploymentPostprocessing = 0;
		};
/* End PBXSourcesBuildPhase section */

/* Begin PBXTargetDependency section */
		4076712C2A5406223CCC6D26 /* PBXTargetDependency */ = {
			isa = PBXTargetDependency;
			target = 774E8C4D69E8237D0DE98FCF /* Telly */;
			targetProxy = 35797233883B7DC306687333 /* PBXContainerItemProxy */;
		};
		C188306985C8E73C642D6D86 /* PBXTargetDependency */ = {
			isa = PBXTargetDependency;
			target = 774E8C4D69E8237D0DE98FCF /* Telly */;
			targetProxy = D39869008A1731DA1ACAF387 /* PBXContainerItemProxy */;
		};
/* End PBXTargetDependency section */

/* Begin XCBuildConfiguration section */
		3C2410DD7506C78389316948 /* Debug */ = {
			isa = XCBuildConfiguration;
			buildSettings = {
				ALWAYS_SEARCH_USER_PATHS = NO;
				CLANG_ANALYZER_NONNULL = YES;
				CLANG_ANALYZER_NUMBER_OBJECT_CONVERSION = YES_AGGRESSIVE;
				CLANG_CXX_LANGUAGE_STANDARD = "gnu++14";
				CLANG_CXX_LIBRARY = "libc++";
				CLANG_ENABLE_MODULES = YES;
				CLANG_ENABLE_OBJC_ARC = YES;
				CLANG_ENABLE_OBJC_WEAK = YES;
				CLANG_WARN_BLOCK_CAPTURE_AUTORELEASING = YES;
				CLANG_WARN_BOOL_CONVERSION = YES;
				CLANG_WARN_COMMA = YES;
				CLANG_WARN_CONSTANT_CONVERSION = YES;
				CLANG_WARN_DEPRECATED_OBJC_IMPLEMENTATIONS = YES;
				CLANG_WARN_DIRECT_OBJC_ISA_USAGE = YES_ERROR;
				CLANG_WARN_DOCUMENTATION_COMMENTS = YES;
				CLANG_WARN_EMPTY_BODY = YES;
				CLANG_WARN_ENUM_CONVERSION = YES;
				CLANG_WARN_INFINITE_RECURSION = YES;
				CLANG_WARN_INT_CONVERSION = YES;
				CLANG_WARN_NON_LITERAL_NULL_CONVERSION = YES;
				CLANG_WARN_OBJC_IMPLICIT_RETAIN_SELF = YES;
				CLANG_WARN_OBJC_LITERAL_CONVERSION = YES;
				CLANG_WARN_OBJC_ROOT_CLASS = YES_ERROR;
				CLANG_WARN_QUOTED_INCLUDE_IN_FRAMEWORK_HEADER = YES;
				CLANG_WARN_RANGE_LOOP_ANALYSIS = YES;
				CLANG_WARN_STRICT_PROTOTYPES = YES;
				CLANG_WARN_SUSPICIOUS_MOVE = YES;
				CLANG_WARN_UNGUARDED_AVAILABILITY = YES_AGGRESSIVE;
				CLANG_WARN_UNREACHABLE_CODE = YES;
				CLANG_WARN__DUPLICATE_METHOD_MATCH = YES;
				CODE_SIGN_STYLE = Automatic;
				COPY_PHASE_STRIP = NO;
				CURRENT_PROJECT_VERSION = 1;
				DEBUG_INFORMATION_FORMAT = dwarf;
				DEVELOPMENT_TEAM = JW5SC3NYUV;
				ENABLE_STRICT_OBJC_MSGSEND = YES;
				ENABLE_TESTABILITY = YES;
				GCC_C_LANGUAGE_STANDARD = gnu11;
				GCC_DYNAMIC_NO_PIC = NO;
				GCC_NO_COMMON_BLOCKS = YES;
				GCC_OPTIMIZATION_LEVEL = 0;
				GCC_PREPROCESSOR_DEFINITIONS = (
					"$(inherited)",
					"DEBUG=1",
				);
				GCC_WARN_64_TO_32_BIT_CONVERSION = YES;
				GCC_WARN_ABOUT_RETURN_TYPE = YES_ERROR;
				GCC_WARN_UNDECLARED_SELECTOR = YES;
				GCC_WARN_UNINITIALIZED_AUTOS = YES_AGGRESSIVE;
				GCC_WARN_UNUSED_FUNCTION = YES;
				GCC_WARN_UNUSED_VARIABLE = YES;
				IPHONEOS_DEPLOYMENT_TARGET = 18.0;
				MARKETING_VERSION = 0.1.0;
				MTL_ENABLE_DEBUG_INFO = INCLUDE_SOURCE;
				MTL_FAST_MATH = YES;
				ONLY_ACTIVE_ARCH = YES;
				PRODUCT_NAME = "$(TARGET_NAME)";
				SDKROOT = auto;
				SWIFT_ACTIVE_COMPILATION_CONDITIONS = DEBUG;
				SWIFT_OPTIMIZATION_LEVEL = "-Onone";
				SWIFT_VERSION = 5.0;
				TVOS_DEPLOYMENT_TARGET = 18.0;
			};
			name = Debug;
		};
		42663A8B5653CFD0C81BD294 /* Release */ = {
			isa = XCBuildConfiguration;
			buildSettings = {
				BUNDLE_LOADER = "$(TEST_HOST)";
				GENERATE_INFOPLIST_FILE = YES;
				LD_RUNPATH_SEARCH_PATHS = (
					"$(inherited)",
					"@executable_path/Frameworks",
					"@loader_path/Frameworks",
				);
				PRODUCT_BUNDLE_IDENTIFIER = com.johncorser.telly.tests;
				SDKROOT = auto;
				SUPPORTED_PLATFORMS = "iphoneos iphonesimulator appletvos appletvsimulator";
				SUPPORTS_MACCATALYST = NO;
				SUPPORTS_MAC_DESIGNED_FOR_IPHONE_IPAD = YES;
				SUPPORTS_XR_DESIGNED_FOR_IPHONE_IPAD = YES;
				TARGETED_DEVICE_FAMILY = "1,2,3";
				TEST_HOST = "$(BUILT_PRODUCTS_DIR)/Telly.app/Telly";
			};
			name = Release;
		};
		55270CCC4D02932727C617A4 /* Release */ = {
			isa = XCBuildConfiguration;
			buildSettings = {
				ALWAYS_SEARCH_USER_PATHS = NO;
				CLANG_ANALYZER_NONNULL = YES;
				CLANG_ANALYZER_NUMBER_OBJECT_CONVERSION = YES_AGGRESSIVE;
				CLANG_CXX_LANGUAGE_STANDARD = "gnu++14";
				CLANG_CXX_LIBRARY = "libc++";
				CLANG_ENABLE_MODULES = YES;
				CLANG_ENABLE_OBJC_ARC = YES;
				CLANG_ENABLE_OBJC_WEAK = YES;
				CLANG_WARN_BLOCK_CAPTURE_AUTORELEASING = YES;
				CLANG_WARN_BOOL_CONVERSION = YES;
				CLANG_WARN_COMMA = YES;
				CLANG_WARN_CONSTANT_CONVERSION = YES;
				CLANG_WARN_DEPRECATED_OBJC_IMPLEMENTATIONS = YES;
				CLANG_WARN_DIRECT_OBJC_ISA_USAGE = YES_ERROR;
				CLANG_WARN_DOCUMENTATION_COMMENTS = YES;
				CLANG_WARN_EMPTY_BODY = YES;
				CLANG_WARN_ENUM_CONVERSION = YES;
				CLANG_WARN_INFINITE_RECURSION = YES;
				CLANG_WARN_INT_CONVERSION = YES;
				CLANG_WARN_NON_LITERAL_NULL_CONVERSION = YES;
				CLANG_WARN_OBJC_IMPLICIT_RETAIN_SELF = YES;
				CLANG_WARN_OBJC_LITERAL_CONVERSION = YES;
				CLANG_WARN_OBJC_ROOT_CLASS = YES_ERROR;
				CLANG_WARN_QUOTED_INCLUDE_IN_FRAMEWORK_HEADER = YES;
				CLANG_WARN_RANGE_LOOP_ANALYSIS = YES;
				CLANG_WARN_STRICT_PROTOTYPES = YES;
				CLANG_WARN_SUSPICIOUS_MOVE = YES;
				CLANG_WARN_UNGUARDED_AVAILABILITY = YES_AGGRESSIVE;
				CLANG_WARN_UNREACHABLE_CODE = YES;
				CLANG_WARN__DUPLICATE_METHOD_MATCH = YES;
				CODE_SIGN_STYLE = Automatic;
				COPY_PHASE_STRIP = NO;
				CURRENT_PROJECT_VERSION = 1;
				DEBUG_INFORMATION_FORMAT = "dwarf-with-dsym";
				DEVELOPMENT_TEAM = JW5SC3NYUV;
				ENABLE_NS_ASSERTIONS = NO;
				ENABLE_STRICT_OBJC_MSGSEND = YES;
				GCC_C_LANGUAGE_STANDARD = gnu11;
				GCC_NO_COMMON_BLOCKS = YES;
				GCC_WARN_64_TO_32_BIT_CONVERSION = YES;
				GCC_WARN_ABOUT_RETURN_TYPE = YES_ERROR;
				GCC_WARN_UNDECLARED_SELECTOR = YES;
				GCC_WARN_UNINITIALIZED_AUTOS = YES_AGGRESSIVE;
				GCC_WARN_UNUSED_FUNCTION = YES;
				GCC_WARN_UNUSED_VARIABLE = YES;
				IPHONEOS_DEPLOYMENT_TARGET = 18.0;
				MARKETING_VERSION = 0.1.0;
				MTL_ENABLE_DEBUG_INFO = NO;
				MTL_FAST_MATH = YES;
				PRODUCT_NAME = "$(TARGET_NAME)";
				SDKROOT = auto;
				SWIFT_COMPILATION_MODE = wholemodule;
				SWIFT_OPTIMIZATION_LEVEL = "-O";
				SWIFT_VERSION = 5.0;
				TVOS_DEPLOYMENT_TARGET = 18.0;
			};
			name = Release;
		};
		62CDD2007A6911CA66496C39 /* Release */ = {
			isa = XCBuildConfiguration;
			buildSettings = {
				BUNDLE_LOADER = "$(TEST_HOST)";
				GENERATE_INFOPLIST_FILE = YES;
				LD_RUNPATH_SEARCH_PATHS = (
					"$(inherited)",
					"@executable_path/Frameworks",
					"@loader_path/Frameworks",
				);
				PRODUCT_BUNDLE_IDENTIFIER = com.johncorser.telly.uitests;
				SDKROOT = auto;
				SUPPORTED_PLATFORMS = "iphoneos iphonesimulator appletvos appletvsimulator";
				SUPPORTS_MACCATALYST = NO;
				SUPPORTS_MAC_DESIGNED_FOR_IPHONE_IPAD = YES;
				SUPPORTS_XR_DESIGNED_FOR_IPHONE_IPAD = YES;
				TARGETED_DEVICE_FAMILY = "1,2,3";
				TEST_TARGET_NAME = Telly;
			};
			name = Release;
		};
		6A7E372072EA06385F88A88C /* Debug */ = {
			isa = XCBuildConfiguration;
			buildSettings = {
				ASSETCATALOG_COMPILER_APPICON_NAME = AppIcon;
				CODE_SIGN_IDENTITY = "iPhone Developer";
				GENERATE_INFOPLIST_FILE = YES;
				INFOPLIST_KEY_CFBundleDisplayName = Telly;
				INFOPLIST_KEY_ITSAppUsesNonExemptEncryption = NO;
				INFOPLIST_KEY_LSApplicationCategoryType = "public.app-category.entertainment";
				INFOPLIST_KEY_UIApplicationSceneManifest_Generation = YES;
				INFOPLIST_KEY_UILaunchScreen_Generation = YES;
				LD_RUNPATH_SEARCH_PATHS = (
					"$(inherited)",
					"@executable_path/Frameworks",
				);
				PRODUCT_BUNDLE_IDENTIFIER = com.johncorser.telly;
				SDKROOT = auto;
				SUPPORTED_PLATFORMS = "iphoneos iphonesimulator appletvos appletvsimulator";
				SUPPORTS_MACCATALYST = NO;
				SUPPORTS_MAC_DESIGNED_FOR_IPHONE_IPAD = YES;
				SUPPORTS_XR_DESIGNED_FOR_IPHONE_IPAD = YES;
				TARGETED_DEVICE_FAMILY = "1,2,3";
			};
			name = Debug;
		};
		6F8500738B73A57ADBBBB142 /* Debug */ = {
			isa = XCBuildConfiguration;
			buildSettings = {
				BUNDLE_LOADER = "$(TEST_HOST)";
				GENERATE_INFOPLIST_FILE = YES;
				LD_RUNPATH_SEARCH_PATHS = (
					"$(inherited)",
					"@executable_path/Frameworks",
					"@loader_path/Frameworks",
				);
				PRODUCT_BUNDLE_IDENTIFIER = com.johncorser.telly.tests;
				SDKROOT = auto;
				SUPPORTED_PLATFORMS = "iphoneos iphonesimulator appletvos appletvsimulator";
				SUPPORTS_MACCATALYST = NO;
				SUPPORTS_MAC_DESIGNED_FOR_IPHONE_IPAD = YES;
				SUPPORTS_XR_DESIGNED_FOR_IPHONE_IPAD = YES;
				TARGETED_DEVICE_FAMILY = "1,2,3";
				TEST_HOST = "$(BUILT_PRODUCTS_DIR)/Telly.app/Telly";
			};
			name = Debug;
		};
		89600BF0FE3CAA317ED9D39B /* Release */ = {
			isa = XCBuildConfiguration;
			buildSettings = {
				ASSETCATALOG_COMPILER_APPICON_NAME = AppIcon;
				CODE_SIGN_IDENTITY = "iPhone Developer";
				GENERATE_INFOPLIST_FILE = YES;
				INFOPLIST_KEY_CFBundleDisplayName = Telly;
				INFOPLIST_KEY_ITSAppUsesNonExemptEncryption = NO;
				INFOPLIST_KEY_LSApplicationCategoryType = "public.app-category.entertainment";
				INFOPLIST_KEY_UIApplicationSceneManifest_Generation = YES;
				INFOPLIST_KEY_UILaunchScreen_Generation = YES;
				LD_RUNPATH_SEARCH_PATHS = (
					"$(inherited)",
					"@executable_path/Frameworks",
				);
				PRODUCT_BUNDLE_IDENTIFIER = com.johncorser.telly;
				SDKROOT = auto;
				SUPPORTED_PLATFORMS = "iphoneos iphonesimulator appletvos appletvsimulator";
				SUPPORTS_MACCATALYST = NO;
				SUPPORTS_MAC_DESIGNED_FOR_IPHONE_IPAD = YES;
				SUPPORTS_XR_DESIGNED_FOR_IPHONE_IPAD = YES;
				TARGETED_DEVICE_FAMILY = "1,2,3";
			};
			name = Release;
		};
		ECF5D6138594B6F90A7B863A /* Debug */ = {
			isa = XCBuildConfiguration;
			buildSettings = {
				BUNDLE_LOADER = "$(TEST_HOST)";
				GENERATE_INFOPLIST_FILE = YES;
				LD_RUNPATH_SEARCH_PATHS = (
					"$(inherited)",
					"@executable_path/Frameworks",
					"@loader_path/Frameworks",
				);
				PRODUCT_BUNDLE_IDENTIFIER = com.johncorser.telly.uitests;
				SDKROOT = auto;
				SUPPORTED_PLATFORMS = "iphoneos iphonesimulator appletvos appletvsimulator";
				SUPPORTS_MACCATALYST = NO;
				SUPPORTS_MAC_DESIGNED_FOR_IPHONE_IPAD = YES;
				SUPPORTS_XR_DESIGNED_FOR_IPHONE_IPAD = YES;
				TARGETED_DEVICE_FAMILY = "1,2,3";
				TEST_TARGET_NAME = Telly;
			};
			name = Debug;
		};
/* End XCBuildConfiguration section */

/* Begin XCConfigurationList section */
		5BBD1F4E02FB8366F0AC34A1 /* Build configuration list for PBXNativeTarget "TellyUITests" */ = {
			isa = XCConfigurationList;
			buildConfigurations = (
				ECF5D6138594B6F90A7B863A /* Debug */,
				62CDD2007A6911CA66496C39 /* Release */,
			);
			defaultConfigurationIsVisible = 0;
			defaultConfigurationName = Debug;
		};
		730242A667C9D9ED83460F55 /* Build configuration list for PBXProject "Telly" */ = {
			isa = XCConfigurationList;
			buildConfigurations = (
				3C2410DD7506C78389316948 /* Debug */,
				55270CCC4D02932727C617A4 /* Release */,
			);
			defaultConfigurationIsVisible = 0;
			defaultConfigurationName = Debug;
		};
		7AF6406B338C25C7A15ADC71 /* Build configuration list for PBXNativeTarget "Telly" */ = {
			isa = XCConfigurationList;
			buildConfigurations = (
				6A7E372072EA06385F88A88C /* Debug */,
				89600BF0FE3CAA317ED9D39B /* Release */,
			);
			defaultConfigurationIsVisible = 0;
			defaultConfigurationName = Debug;
		};
		B8CD1A0453575DE3E155A17C /* Build configuration list for PBXNativeTarget "TellyTests" */ = {
			isa = XCConfigurationList;
			buildConfigurations = (
				6F8500738B73A57ADBBBB142 /* Debug */,
				42663A8B5653CFD0C81BD294 /* Release */,
			);
			defaultConfigurationIsVisible = 0;
			defaultConfigurationName = Debug;
		};
/* End XCConfigurationList section */
	};
	rootObject = 6BB3D7E225E884704BDADA1B /* Project object */;
}
